// !$*UTF8*$!
{
	archiveVersion = 1;
	classes = {
	};
	objectVersion = 56;
	objects = {

/* Begin PBXBuildFile section */
		102B16FB2A26EF3A00ECBC6A /* Localizable.strings in Resources */ = {isa = PBXBuildFile; fileRef = 102B16FA2A26EF3A00ECBC6A /* Localizable.strings */; };
		102B16FD2A26EFED00ECBC6A /* Strings.generated.swift in Sources */ = {isa = PBXBuildFile; fileRef = 102B16FC2A26EFEC00ECBC6A /* Strings.generated.swift */; };
		102B170A2A26FFE300ECBC6A /* SearchMovieFactory.swift in Sources */ = {isa = PBXBuildFile; fileRef = 102B17092A26FFE300ECBC6A /* SearchMovieFactory.swift */; };
		102B170C2A27006F00ECBC6A /* SearchMovieInteractor.swift in Sources */ = {isa = PBXBuildFile; fileRef = 102B170B2A27006F00ECBC6A /* SearchMovieInteractor.swift */; };
		102B170E2A27008100ECBC6A /* SearchMoviePresenter.swift in Sources */ = {isa = PBXBuildFile; fileRef = 102B170D2A27008100ECBC6A /* SearchMoviePresenter.swift */; };
		102B17102A27008F00ECBC6A /* SearchMovieService.swift in Sources */ = {isa = PBXBuildFile; fileRef = 102B170F2A27008F00ECBC6A /* SearchMovieService.swift */; };
		102B17122A27009A00ECBC6A /* SearchMovieView.swift in Sources */ = {isa = PBXBuildFile; fileRef = 102B17112A27009A00ECBC6A /* SearchMovieView.swift */; };
		102B17142A2700BD00ECBC6A /* SearchMovieViewController.swift in Sources */ = {isa = PBXBuildFile; fileRef = 102B17132A2700BD00ECBC6A /* SearchMovieViewController.swift */; };
		102B171A2A277BD400ECBC6A /* Date+Extension.swift in Sources */ = {isa = PBXBuildFile; fileRef = 102B17192A277BD400ECBC6A /* Date+Extension.swift */; };
		102B171D2A277FC000ECBC6A /* SearchMoviePresenting.swift in Sources */ = {isa = PBXBuildFile; fileRef = 102B171C2A277FC000ECBC6A /* SearchMoviePresenting.swift */; };
		102B171F2A277FE100ECBC6A /* SearchMovieServicing.swift in Sources */ = {isa = PBXBuildFile; fileRef = 102B171E2A277FE100ECBC6A /* SearchMovieServicing.swift */; };
		102B17212A27831300ECBC6A /* SearchMovieInteracting.swift in Sources */ = {isa = PBXBuildFile; fileRef = 102B17202A27831300ECBC6A /* SearchMovieInteracting.swift */; };
		102B172C2A27DDD400ECBC6A /* Coordinator.swift in Sources */ = {isa = PBXBuildFile; fileRef = 102B172B2A27DDD400ECBC6A /* Coordinator.swift */; };
		102B174B2A281BD500ECBC6A /* UpcomingMoviesRouter.swift in Sources */ = {isa = PBXBuildFile; fileRef = 102B174A2A281BD500ECBC6A /* UpcomingMoviesRouter.swift */; };
		102B174D2A281C4800ECBC6A /* UpcomingMoviesRouting.swift in Sources */ = {isa = PBXBuildFile; fileRef = 102B174C2A281C4800ECBC6A /* UpcomingMoviesRouting.swift */; };
		102B17532A29216D00ECBC6A /* Genre.swift in Sources */ = {isa = PBXBuildFile; fileRef = 102B17522A29216D00ECBC6A /* Genre.swift */; };
		102B17552A29219600ECBC6A /* MovieResponse.swift in Sources */ = {isa = PBXBuildFile; fileRef = 102B17542A29219600ECBC6A /* MovieResponse.swift */; };
		102B17572A2921A500ECBC6A /* VideosResponse.swift in Sources */ = {isa = PBXBuildFile; fileRef = 102B17562A2921A500ECBC6A /* VideosResponse.swift */; };
		102B175C2A2ABEA800ECBC6A /* Colors.txt in Resources */ = {isa = PBXBuildFile; fileRef = 102B175B2A2ABEA800ECBC6A /* Colors.txt */; };
		102B175E2A2AC06100ECBC6A /* Colors.generated.swift in Sources */ = {isa = PBXBuildFile; fileRef = 102B175D2A2AC06100ECBC6A /* Colors.generated.swift */; };
		105AA1372A1BFC4D00E52448 /* AppDelegate.swift in Sources */ = {isa = PBXBuildFile; fileRef = 105AA1362A1BFC4D00E52448 /* AppDelegate.swift */; };
		105AA1392A1BFC4D00E52448 /* SceneDelegate.swift in Sources */ = {isa = PBXBuildFile; fileRef = 105AA1382A1BFC4D00E52448 /* SceneDelegate.swift */; };
		105AA1402A1BFC4F00E52448 /* Assets.xcassets in Resources */ = {isa = PBXBuildFile; fileRef = 105AA13F2A1BFC4F00E52448 /* Assets.xcassets */; };
		105AA1432A1BFC4F00E52448 /* LaunchScreen.storyboard in Resources */ = {isa = PBXBuildFile; fileRef = 105AA1412A1BFC4F00E52448 /* LaunchScreen.storyboard */; };
		105AA1582A1BFE2F00E52448 /* UpcomingMoviesViewController.swift in Sources */ = {isa = PBXBuildFile; fileRef = 105AA1572A1BFE2F00E52448 /* UpcomingMoviesViewController.swift */; };
		105AA15A2A1BFE3D00E52448 /* UpcomingMoviesFactory.swift in Sources */ = {isa = PBXBuildFile; fileRef = 105AA1592A1BFE3D00E52448 /* UpcomingMoviesFactory.swift */; };
		105AA15C2A1BFE8E00E52448 /* UpcomingMoviesView.swift in Sources */ = {isa = PBXBuildFile; fileRef = 105AA15B2A1BFE8E00E52448 /* UpcomingMoviesView.swift */; };
		105AA1602A1BFEED00E52448 /* ViewcodeProtocol.swift in Sources */ = {isa = PBXBuildFile; fileRef = 105AA15F2A1BFEED00E52448 /* ViewcodeProtocol.swift */; };
		105AA1652A1C06D900E52448 /* BaseViewController.swift in Sources */ = {isa = PBXBuildFile; fileRef = 105AA1642A1C06D900E52448 /* BaseViewController.swift */; };
		105AA1672A1C07D900E52448 /* UpcomingMoviesInteractor.swift in Sources */ = {isa = PBXBuildFile; fileRef = 105AA1662A1C07D900E52448 /* UpcomingMoviesInteractor.swift */; };
		105AA1692A1C07F800E52448 /* UpcomingMoviesInteracting.swift in Sources */ = {isa = PBXBuildFile; fileRef = 105AA1682A1C07F800E52448 /* UpcomingMoviesInteracting.swift */; };
		105AA16B2A1C120400E52448 /* UpcomingMoviesServicing.swift in Sources */ = {isa = PBXBuildFile; fileRef = 105AA16A2A1C120400E52448 /* UpcomingMoviesServicing.swift */; };
		105AA16E2A1C123400E52448 /* UpcomingMoviesPresenting.swift in Sources */ = {isa = PBXBuildFile; fileRef = 105AA16D2A1C123400E52448 /* UpcomingMoviesPresenting.swift */; };
		105AA1702A1C143A00E52448 /* UpcomingMoviesService.swift in Sources */ = {isa = PBXBuildFile; fileRef = 105AA16F2A1C143A00E52448 /* UpcomingMoviesService.swift */; };
		105AA1722A1C20A600E52448 /* UpcomingMoviesPresenter.swift in Sources */ = {isa = PBXBuildFile; fileRef = 105AA1712A1C20A600E52448 /* UpcomingMoviesPresenter.swift */; };
		105AA1782A1C34BA00E52448 /* UpcomingMoviesDatasource.swift in Sources */ = {isa = PBXBuildFile; fileRef = 105AA1772A1C34BA00E52448 /* UpcomingMoviesDatasource.swift */; };
		105AA17A2A1C34F900E52448 /* Datasource.swift in Sources */ = {isa = PBXBuildFile; fileRef = 105AA1792A1C34F900E52448 /* Datasource.swift */; };
		105AA17D2A1C429200E52448 /* MovieTableViewCell.swift in Sources */ = {isa = PBXBuildFile; fileRef = 105AA17C2A1C429200E52448 /* MovieTableViewCell.swift */; };
		105AA1812A1C491900E52448 /* Movie.swift in Sources */ = {isa = PBXBuildFile; fileRef = 105AA1802A1C491900E52448 /* Movie.swift */; };
		105AA1842A1C4A6800E52448 /* URLSession+Extension.swift in Sources */ = {isa = PBXBuildFile; fileRef = 105AA1832A1C4A6800E52448 /* URLSession+Extension.swift */; };
		105AA1872A1C4BEE00E52448 /* Endpoint.swift in Sources */ = {isa = PBXBuildFile; fileRef = 105AA1862A1C4BEE00E52448 /* Endpoint.swift */; };
		105AA18C2A1D0A7300E52448 /* ImageEndpoint.swift in Sources */ = {isa = PBXBuildFile; fileRef = 105AA18B2A1D0A7200E52448 /* ImageEndpoint.swift */; };
		105AA1932A1D2D8900E52448 /* DetailMovieFactory.swift in Sources */ = {isa = PBXBuildFile; fileRef = 105AA1922A1D2D8900E52448 /* DetailMovieFactory.swift */; };
		105AA1952A1D2DB300E52448 /* DetailMovieView.swift in Sources */ = {isa = PBXBuildFile; fileRef = 105AA1942A1D2DB300E52448 /* DetailMovieView.swift */; };
		105AA1972A1D2DC500E52448 /* DetailMoviePresenter.swift in Sources */ = {isa = PBXBuildFile; fileRef = 105AA1962A1D2DC500E52448 /* DetailMoviePresenter.swift */; };
		105AA1992A1D2DD600E52448 /* DetailMovieInteractor.swift in Sources */ = {isa = PBXBuildFile; fileRef = 105AA1982A1D2DD600E52448 /* DetailMovieInteractor.swift */; };
		105AA19B2A1D2DF000E52448 /* DetailMovieService.swift in Sources */ = {isa = PBXBuildFile; fileRef = 105AA19A2A1D2DF000E52448 /* DetailMovieService.swift */; };
		105AA19D2A1D2E0400E52448 /* DetailMovieViewController.swift in Sources */ = {isa = PBXBuildFile; fileRef = 105AA19C2A1D2E0400E52448 /* DetailMovieViewController.swift */; };
		105AA1A02A1D2E9800E52448 /* DetailMovieInteracting.swift in Sources */ = {isa = PBXBuildFile; fileRef = 105AA19F2A1D2E9800E52448 /* DetailMovieInteracting.swift */; };
		105AA1A22A1D2EA800E52448 /* DetailMovieServicing.swift in Sources */ = {isa = PBXBuildFile; fileRef = 105AA1A12A1D2EA800E52448 /* DetailMovieServicing.swift */; };
		105AA1A42A1D2EB900E52448 /* DetailMoviePresenting.swift in Sources */ = {isa = PBXBuildFile; fileRef = 105AA1A32A1D2EB900E52448 /* DetailMoviePresenting.swift */; };
		10AF15912A2696750082D478 /* ImageLoader.swift in Sources */ = {isa = PBXBuildFile; fileRef = 10AF15902A2696750082D478 /* ImageLoader.swift */; };
		EC73B78C9E4D6FD9254EE6C7 /* Pods_TMDB.framework in Frameworks */ = {isa = PBXBuildFile; fileRef = B440D38331C1C8C058258C56 /* Pods_TMDB.framework */; };
/* End PBXBuildFile section */

/* Begin PBXFileReference section */
		102B16FA2A26EF3A00ECBC6A /* Localizable.strings */ = {isa = PBXFileReference; lastKnownFileType = text.plist.strings; path = Localizable.strings; sourceTree = "<group>"; };
		102B16FC2A26EFEC00ECBC6A /* Strings.generated.swift */ = {isa = PBXFileReference; fileEncoding = 4; lastKnownFileType = sourcecode.swift; path = Strings.generated.swift; sourceTree = "<group>"; };
		102B17092A26FFE300ECBC6A /* SearchMovieFactory.swift */ = {isa = PBXFileReference; lastKnownFileType = sourcecode.swift; path = SearchMovieFactory.swift; sourceTree = "<group>"; };
		102B170B2A27006F00ECBC6A /* SearchMovieInteractor.swift */ = {isa = PBXFileReference; lastKnownFileType = sourcecode.swift; path = SearchMovieInteractor.swift; sourceTree = "<group>"; };
		102B170D2A27008100ECBC6A /* SearchMoviePresenter.swift */ = {isa = PBXFileReference; lastKnownFileType = sourcecode.swift; path = SearchMoviePresenter.swift; sourceTree = "<group>"; };
		102B170F2A27008F00ECBC6A /* SearchMovieService.swift */ = {isa = PBXFileReference; lastKnownFileType = sourcecode.swift; path = SearchMovieService.swift; sourceTree = "<group>"; };
		102B17112A27009A00ECBC6A /* SearchMovieView.swift */ = {isa = PBXFileReference; lastKnownFileType = sourcecode.swift; path = SearchMovieView.swift; sourceTree = "<group>"; };
		102B17132A2700BD00ECBC6A /* SearchMovieViewController.swift */ = {isa = PBXFileReference; lastKnownFileType = sourcecode.swift; path = SearchMovieViewController.swift; sourceTree = "<group>"; };
		102B17192A277BD400ECBC6A /* Date+Extension.swift */ = {isa = PBXFileReference; lastKnownFileType = sourcecode.swift; path = "Date+Extension.swift"; sourceTree = "<group>"; };
		102B171C2A277FC000ECBC6A /* SearchMoviePresenting.swift */ = {isa = PBXFileReference; lastKnownFileType = sourcecode.swift; path = SearchMoviePresenting.swift; sourceTree = "<group>"; };
		102B171E2A277FE100ECBC6A /* SearchMovieServicing.swift */ = {isa = PBXFileReference; lastKnownFileType = sourcecode.swift; path = SearchMovieServicing.swift; sourceTree = "<group>"; };
		102B17202A27831300ECBC6A /* SearchMovieInteracting.swift */ = {isa = PBXFileReference; lastKnownFileType = sourcecode.swift; path = SearchMovieInteracting.swift; sourceTree = "<group>"; };
		102B172B2A27DDD400ECBC6A /* Coordinator.swift */ = {isa = PBXFileReference; lastKnownFileType = sourcecode.swift; path = Coordinator.swift; sourceTree = "<group>"; };
		102B174A2A281BD500ECBC6A /* UpcomingMoviesRouter.swift */ = {isa = PBXFileReference; lastKnownFileType = sourcecode.swift; path = UpcomingMoviesRouter.swift; sourceTree = "<group>"; };
		102B174C2A281C4800ECBC6A /* UpcomingMoviesRouting.swift */ = {isa = PBXFileReference; lastKnownFileType = sourcecode.swift; path = UpcomingMoviesRouting.swift; sourceTree = "<group>"; };
		102B17522A29216D00ECBC6A /* Genre.swift */ = {isa = PBXFileReference; lastKnownFileType = sourcecode.swift; path = Genre.swift; sourceTree = "<group>"; };
		102B17542A29219600ECBC6A /* MovieResponse.swift */ = {isa = PBXFileReference; lastKnownFileType = sourcecode.swift; path = MovieResponse.swift; sourceTree = "<group>"; };
		102B17562A2921A500ECBC6A /* VideosResponse.swift */ = {isa = PBXFileReference; lastKnownFileType = sourcecode.swift; path = VideosResponse.swift; sourceTree = "<group>"; };
		102B175B2A2ABEA800ECBC6A /* Colors.txt */ = {isa = PBXFileReference; lastKnownFileType = text; path = Colors.txt; sourceTree = "<group>"; };
		102B175D2A2AC06100ECBC6A /* Colors.generated.swift */ = {isa = PBXFileReference; fileEncoding = 4; lastKnownFileType = sourcecode.swift; path = Colors.generated.swift; sourceTree = "<group>"; };
		105AA1332A1BFC4D00E52448 /* TMDB.app */ = {isa = PBXFileReference; explicitFileType = wrapper.application; includeInIndex = 0; path = TMDB.app; sourceTree = BUILT_PRODUCTS_DIR; };
		105AA1362A1BFC4D00E52448 /* AppDelegate.swift */ = {isa = PBXFileReference; lastKnownFileType = sourcecode.swift; path = AppDelegate.swift; sourceTree = "<group>"; };
		105AA1382A1BFC4D00E52448 /* SceneDelegate.swift */ = {isa = PBXFileReference; lastKnownFileType = sourcecode.swift; path = SceneDelegate.swift; sourceTree = "<group>"; };
		105AA13F2A1BFC4F00E52448 /* Assets.xcassets */ = {isa = PBXFileReference; lastKnownFileType = folder.assetcatalog; path = Assets.xcassets; sourceTree = "<group>"; };
		105AA1422A1BFC4F00E52448 /* Base */ = {isa = PBXFileReference; lastKnownFileType = file.storyboard; name = Base; path = Base.lproj/LaunchScreen.storyboard; sourceTree = "<group>"; };
		105AA1442A1BFC4F00E52448 /* Info.plist */ = {isa = PBXFileReference; lastKnownFileType = text.plist.xml; path = Info.plist; sourceTree = "<group>"; };
		105AA1572A1BFE2F00E52448 /* UpcomingMoviesViewController.swift */ = {isa = PBXFileReference; lastKnownFileType = sourcecode.swift; path = UpcomingMoviesViewController.swift; sourceTree = "<group>"; };
		105AA1592A1BFE3D00E52448 /* UpcomingMoviesFactory.swift */ = {isa = PBXFileReference; lastKnownFileType = sourcecode.swift; path = UpcomingMoviesFactory.swift; sourceTree = "<group>"; };
		105AA15B2A1BFE8E00E52448 /* UpcomingMoviesView.swift */ = {isa = PBXFileReference; lastKnownFileType = sourcecode.swift; path = UpcomingMoviesView.swift; sourceTree = "<group>"; };
		105AA15F2A1BFEED00E52448 /* ViewcodeProtocol.swift */ = {isa = PBXFileReference; lastKnownFileType = sourcecode.swift; path = ViewcodeProtocol.swift; sourceTree = "<group>"; };
		105AA1642A1C06D900E52448 /* BaseViewController.swift */ = {isa = PBXFileReference; lastKnownFileType = sourcecode.swift; path = BaseViewController.swift; sourceTree = "<group>"; };
		105AA1662A1C07D900E52448 /* UpcomingMoviesInteractor.swift */ = {isa = PBXFileReference; lastKnownFileType = sourcecode.swift; path = UpcomingMoviesInteractor.swift; sourceTree = "<group>"; };
		105AA1682A1C07F800E52448 /* UpcomingMoviesInteracting.swift */ = {isa = PBXFileReference; lastKnownFileType = sourcecode.swift; path = UpcomingMoviesInteracting.swift; sourceTree = "<group>"; };
		105AA16A2A1C120400E52448 /* UpcomingMoviesServicing.swift */ = {isa = PBXFileReference; lastKnownFileType = sourcecode.swift; path = UpcomingMoviesServicing.swift; sourceTree = "<group>"; };
		105AA16D2A1C123400E52448 /* UpcomingMoviesPresenting.swift */ = {isa = PBXFileReference; lastKnownFileType = sourcecode.swift; path = UpcomingMoviesPresenting.swift; sourceTree = "<group>"; };
		105AA16F2A1C143A00E52448 /* UpcomingMoviesService.swift */ = {isa = PBXFileReference; lastKnownFileType = sourcecode.swift; path = UpcomingMoviesService.swift; sourceTree = "<group>"; };
		105AA1712A1C20A600E52448 /* UpcomingMoviesPresenter.swift */ = {isa = PBXFileReference; lastKnownFileType = sourcecode.swift; path = UpcomingMoviesPresenter.swift; sourceTree = "<group>"; };
		105AA1772A1C34BA00E52448 /* UpcomingMoviesDatasource.swift */ = {isa = PBXFileReference; lastKnownFileType = sourcecode.swift; path = UpcomingMoviesDatasource.swift; sourceTree = "<group>"; };
		105AA1792A1C34F900E52448 /* Datasource.swift */ = {isa = PBXFileReference; lastKnownFileType = sourcecode.swift; path = Datasource.swift; sourceTree = "<group>"; };
		105AA17C2A1C429200E52448 /* MovieTableViewCell.swift */ = {isa = PBXFileReference; lastKnownFileType = sourcecode.swift; path = MovieTableViewCell.swift; sourceTree = "<group>"; };
		105AA1802A1C491900E52448 /* Movie.swift */ = {isa = PBXFileReference; lastKnownFileType = sourcecode.swift; path = Movie.swift; sourceTree = "<group>"; };
		105AA1832A1C4A6800E52448 /* URLSession+Extension.swift */ = {isa = PBXFileReference; lastKnownFileType = sourcecode.swift; path = "URLSession+Extension.swift"; sourceTree = "<group>"; };
		105AA1862A1C4BEE00E52448 /* Endpoint.swift */ = {isa = PBXFileReference; lastKnownFileType = sourcecode.swift; path = Endpoint.swift; sourceTree = "<group>"; };
		105AA18B2A1D0A7200E52448 /* ImageEndpoint.swift */ = {isa = PBXFileReference; lastKnownFileType = sourcecode.swift; path = ImageEndpoint.swift; sourceTree = "<group>"; };
		105AA1922A1D2D8900E52448 /* DetailMovieFactory.swift */ = {isa = PBXFileReference; lastKnownFileType = sourcecode.swift; path = DetailMovieFactory.swift; sourceTree = "<group>"; };
		105AA1942A1D2DB300E52448 /* DetailMovieView.swift */ = {isa = PBXFileReference; lastKnownFileType = sourcecode.swift; path = DetailMovieView.swift; sourceTree = "<group>"; };
		105AA1962A1D2DC500E52448 /* DetailMoviePresenter.swift */ = {isa = PBXFileReference; lastKnownFileType = sourcecode.swift; path = DetailMoviePresenter.swift; sourceTree = "<group>"; };
		105AA1982A1D2DD600E52448 /* DetailMovieInteractor.swift */ = {isa = PBXFileReference; lastKnownFileType = sourcecode.swift; path = DetailMovieInteractor.swift; sourceTree = "<group>"; };
		105AA19A2A1D2DF000E52448 /* DetailMovieService.swift */ = {isa = PBXFileReference; lastKnownFileType = sourcecode.swift; path = DetailMovieService.swift; sourceTree = "<group>"; };
		105AA19C2A1D2E0400E52448 /* DetailMovieViewController.swift */ = {isa = PBXFileReference; lastKnownFileType = sourcecode.swift; path = DetailMovieViewController.swift; sourceTree = "<group>"; };
		105AA19F2A1D2E9800E52448 /* DetailMovieInteracting.swift */ = {isa = PBXFileReference; lastKnownFileType = sourcecode.swift; path = DetailMovieInteracting.swift; sourceTree = "<group>"; };
		105AA1A12A1D2EA800E52448 /* DetailMovieServicing.swift */ = {isa = PBXFileReference; lastKnownFileType = sourcecode.swift; path = DetailMovieServicing.swift; sourceTree = "<group>"; };
		105AA1A32A1D2EB900E52448 /* DetailMoviePresenting.swift */ = {isa = PBXFileReference; lastKnownFileType = sourcecode.swift; path = DetailMoviePresenting.swift; sourceTree = "<group>"; };
		10AF15902A2696750082D478 /* ImageLoader.swift */ = {isa = PBXFileReference; lastKnownFileType = sourcecode.swift; path = ImageLoader.swift; sourceTree = "<group>"; };
		64F376B7E260D80BD996661C /* Pods-TMDB.release.xcconfig */ = {isa = PBXFileReference; includeInIndex = 1; lastKnownFileType = text.xcconfig; name = "Pods-TMDB.release.xcconfig"; path = "Target Support Files/Pods-TMDB/Pods-TMDB.release.xcconfig"; sourceTree = "<group>"; };
		B440D38331C1C8C058258C56 /* Pods_TMDB.framework */ = {isa = PBXFileReference; explicitFileType = wrapper.framework; includeInIndex = 0; path = Pods_TMDB.framework; sourceTree = BUILT_PRODUCTS_DIR; };
		DB030982DCB8D7DFC5461238 /* Pods-TMDB.debug.xcconfig */ = {isa = PBXFileReference; includeInIndex = 1; lastKnownFileType = text.xcconfig; name = "Pods-TMDB.debug.xcconfig"; path = "Target Support Files/Pods-TMDB/Pods-TMDB.debug.xcconfig"; sourceTree = "<group>"; };
/* End PBXFileReference section */

/* Begin PBXFrameworksBuildPhase section */
		105AA1302A1BFC4D00E52448 /* Frameworks */ = {
			isa = PBXFrameworksBuildPhase;
			buildActionMask = 2147483647;
			files = (
				EC73B78C9E4D6FD9254EE6C7 /* Pods_TMDB.framework in Frameworks */,
			);
			runOnlyForDeploymentPostprocessing = 0;
		};
/* End PBXFrameworksBuildPhase section */

/* Begin PBXGroup section */
		102B16F92A26EF2D00ECBC6A /* Resources */ = {
			isa = PBXGroup;
			children = (
				102B175D2A2AC06100ECBC6A /* Colors.generated.swift */,
				102B16FC2A26EFEC00ECBC6A /* Strings.generated.swift */,
				102B16FA2A26EF3A00ECBC6A /* Localizable.strings */,
				102B175B2A2ABEA800ECBC6A /* Colors.txt */,
			);
			path = Resources;
			sourceTree = "<group>";
		};
		102B17082A26FF9E00ECBC6A /* Search */ = {
			isa = PBXGroup;
			children = (
				102B17092A26FFE300ECBC6A /* SearchMovieFactory.swift */,
				102B170B2A27006F00ECBC6A /* SearchMovieInteractor.swift */,
				102B170D2A27008100ECBC6A /* SearchMoviePresenter.swift */,
				102B170F2A27008F00ECBC6A /* SearchMovieService.swift */,
				102B17112A27009A00ECBC6A /* SearchMovieView.swift */,
				102B17132A2700BD00ECBC6A /* SearchMovieViewController.swift */,
			);
			path = Search;
			sourceTree = "<group>";
		};
		102B17182A277BB800ECBC6A /* Extensions */ = {
			isa = PBXGroup;
			children = (
				102B17192A277BD400ECBC6A /* Date+Extension.swift */,
			);
			path = Extensions;
			sourceTree = "<group>";
		};
		102B171B2A277FAE00ECBC6A /* SearchMovie */ = {
			isa = PBXGroup;
			children = (
				102B171C2A277FC000ECBC6A /* SearchMoviePresenting.swift */,
				102B171E2A277FE100ECBC6A /* SearchMovieServicing.swift */,
				102B17202A27831300ECBC6A /* SearchMovieInteracting.swift */,
			);
			path = SearchMovie;
			sourceTree = "<group>";
		};
		105AA12A2A1BFC4D00E52448 = {
			isa = PBXGroup;
			children = (
				105AA1352A1BFC4D00E52448 /* TMDB */,
				105AA1342A1BFC4D00E52448 /* Products */,
				408745B1B2C257B584E7E661 /* Pods */,
				5D0CA7B0F2CAD9888F3A0F01 /* Frameworks */,
			);
			sourceTree = "<group>";
		};
		105AA1342A1BFC4D00E52448 /* Products */ = {
			isa = PBXGroup;
			children = (
				105AA1332A1BFC4D00E52448 /* TMDB.app */,
			);
			name = Products;
			sourceTree = "<group>";
		};
		105AA1352A1BFC4D00E52448 /* TMDB */ = {
			isa = PBXGroup;
			children = (
				105AA1362A1BFC4D00E52448 /* AppDelegate.swift */,
				105AA13F2A1BFC4F00E52448 /* Assets.xcassets */,
				105AA1442A1BFC4F00E52448 /* Info.plist */,
				105AA1412A1BFC4F00E52448 /* LaunchScreen.storyboard */,
				105AA18D2A1D0A9700E52448 /* Misc */,
				105AA17F2A1C490700E52448 /* Models */,
				105AA1822A1C4A5200E52448 /* Networking */,
				105AA15D2A1BFE9A00E52448 /* Protocols */,
				105AA1382A1BFC4D00E52448 /* SceneDelegate.swift */,
				105AA15E2A1BFEB200E52448 /* Scenes */,
				102B172B2A27DDD400ECBC6A /* Coordinator.swift */,
			);
			path = TMDB;
			sourceTree = "<group>";
		};
		105AA1562A1BFCBF00E52448 /* UpcomingMovies */ = {
			isa = PBXGroup;
			children = (
				105AA17B2A1C427900E52448 /* Cell */,
				105AA1762A1C349900E52448 /* Datasource */,
				105AA1572A1BFE2F00E52448 /* UpcomingMoviesViewController.swift */,
				105AA1592A1BFE3D00E52448 /* UpcomingMoviesFactory.swift */,
				105AA15B2A1BFE8E00E52448 /* UpcomingMoviesView.swift */,
				105AA1662A1C07D900E52448 /* UpcomingMoviesInteractor.swift */,
				105AA16F2A1C143A00E52448 /* UpcomingMoviesService.swift */,
				105AA1712A1C20A600E52448 /* UpcomingMoviesPresenter.swift */,
				102B174A2A281BD500ECBC6A /* UpcomingMoviesRouter.swift */,
			);
			path = UpcomingMovies;
			sourceTree = "<group>";
		};
		105AA15D2A1BFE9A00E52448 /* Protocols */ = {
			isa = PBXGroup;
			children = (
				102B171B2A277FAE00ECBC6A /* SearchMovie */,
				105AA19E2A1D2E8100E52448 /* DetailMovie */,
				105AA16C2A1C121000E52448 /* UpcomingMovies */,
				105AA15F2A1BFEED00E52448 /* ViewcodeProtocol.swift */,
				105AA1792A1C34F900E52448 /* Datasource.swift */,
			);
			path = Protocols;
			sourceTree = "<group>";
		};
		105AA15E2A1BFEB200E52448 /* Scenes */ = {
			isa = PBXGroup;
			children = (
				102B17082A26FF9E00ECBC6A /* Search */,
				105AA1912A1D2D7400E52448 /* DetailMovie */,
				105AA1562A1BFCBF00E52448 /* UpcomingMovies */,
				105AA1642A1C06D900E52448 /* BaseViewController.swift */,
			);
			path = Scenes;
			sourceTree = "<group>";
		};
		105AA16C2A1C121000E52448 /* UpcomingMovies */ = {
			isa = PBXGroup;
			children = (
				105AA1682A1C07F800E52448 /* UpcomingMoviesInteracting.swift */,
				105AA16A2A1C120400E52448 /* UpcomingMoviesServicing.swift */,
				105AA16D2A1C123400E52448 /* UpcomingMoviesPresenting.swift */,
				102B174C2A281C4800ECBC6A /* UpcomingMoviesRouting.swift */,
			);
			path = UpcomingMovies;
			sourceTree = "<group>";
		};
		105AA1762A1C349900E52448 /* Datasource */ = {
			isa = PBXGroup;
			children = (
				105AA1772A1C34BA00E52448 /* UpcomingMoviesDatasource.swift */,
			);
			path = Datasource;
			sourceTree = "<group>";
		};
		105AA17B2A1C427900E52448 /* Cell */ = {
			isa = PBXGroup;
			children = (
				105AA17C2A1C429200E52448 /* MovieTableViewCell.swift */,
			);
			path = Cell;
			sourceTree = "<group>";
		};
		105AA17F2A1C490700E52448 /* Models */ = {
			isa = PBXGroup;
			children = (
				105AA1802A1C491900E52448 /* Movie.swift */,
				102B17522A29216D00ECBC6A /* Genre.swift */,
				102B17542A29219600ECBC6A /* MovieResponse.swift */,
				102B17562A2921A500ECBC6A /* VideosResponse.swift */,
			);
			path = Models;
			sourceTree = "<group>";
		};
		105AA1822A1C4A5200E52448 /* Networking */ = {
			isa = PBXGroup;
			children = (
				105AA1852A1C4BB000E52448 /* Endpoints */,
				105AA1832A1C4A6800E52448 /* URLSession+Extension.swift */,
			);
			path = Networking;
			sourceTree = "<group>";
		};
		105AA1852A1C4BB000E52448 /* Endpoints */ = {
			isa = PBXGroup;
			children = (
				105AA1862A1C4BEE00E52448 /* Endpoint.swift */,
				105AA18B2A1D0A7200E52448 /* ImageEndpoint.swift */,
			);
			path = Endpoints;
			sourceTree = "<group>";
		};
		105AA18D2A1D0A9700E52448 /* Misc */ = {
			isa = PBXGroup;
			children = (
				102B17182A277BB800ECBC6A /* Extensions */,
				102B16F92A26EF2D00ECBC6A /* Resources */,
				10AF158F2A2696610082D478 /* CustomUI */,
			);
			path = Misc;
			sourceTree = "<group>";
		};
		105AA1912A1D2D7400E52448 /* DetailMovie */ = {
			isa = PBXGroup;
			children = (
				105AA1922A1D2D8900E52448 /* DetailMovieFactory.swift */,
				105AA1982A1D2DD600E52448 /* DetailMovieInteractor.swift */,
				105AA1962A1D2DC500E52448 /* DetailMoviePresenter.swift */,
				105AA19A2A1D2DF000E52448 /* DetailMovieService.swift */,
				105AA1942A1D2DB300E52448 /* DetailMovieView.swift */,
				105AA19C2A1D2E0400E52448 /* DetailMovieViewController.swift */,
			);
			path = DetailMovie;
			sourceTree = "<group>";
		};
		105AA19E2A1D2E8100E52448 /* DetailMovie */ = {
			isa = PBXGroup;
			children = (
				105AA19F2A1D2E9800E52448 /* DetailMovieInteracting.swift */,
				105AA1A12A1D2EA800E52448 /* DetailMovieServicing.swift */,
				105AA1A32A1D2EB900E52448 /* DetailMoviePresenting.swift */,
			);
			path = DetailMovie;
			sourceTree = "<group>";
		};
		10AF158F2A2696610082D478 /* CustomUI */ = {
			isa = PBXGroup;
			children = (
				10AF15902A2696750082D478 /* ImageLoader.swift */,
			);
			path = CustomUI;
			sourceTree = "<group>";
		};
		408745B1B2C257B584E7E661 /* Pods */ = {
			isa = PBXGroup;
			children = (
				DB030982DCB8D7DFC5461238 /* Pods-TMDB.debug.xcconfig */,
				64F376B7E260D80BD996661C /* Pods-TMDB.release.xcconfig */,
			);
			path = Pods;
			sourceTree = "<group>";
		};
		5D0CA7B0F2CAD9888F3A0F01 /* Frameworks */ = {
			isa = PBXGroup;
			children = (
				B440D38331C1C8C058258C56 /* Pods_TMDB.framework */,
			);
			name = Frameworks;
			sourceTree = "<group>";
		};
/* End PBXGroup section */

/* Begin PBXNativeTarget section */
		105AA1322A1BFC4D00E52448 /* TMDB */ = {
			isa = PBXNativeTarget;
			buildConfigurationList = 105AA1472A1BFC4F00E52448 /* Build configuration list for PBXNativeTarget "TMDB" */;
			buildPhases = (
				A2D07680ACE3DBA65866989F /* [CP] Check Pods Manifest.lock */,
				105AA12F2A1BFC4D00E52448 /* Sources */,
				105AA1302A1BFC4D00E52448 /* Frameworks */,
				105AA1312A1BFC4D00E52448 /* Resources */,
				C8EA19B9BD77F4A637AE55E4 /* [CP] Embed Pods Frameworks */,
				102B17072A26F93B00ECBC6A /* Swiftgen */,
			);
			buildRules = (
			);
			dependencies = (
			);
			name = TMDB;
			packageProductDependencies = (
			);
			productName = TMDB;
			productReference = 105AA1332A1BFC4D00E52448 /* TMDB.app */;
			productType = "com.apple.product-type.application";
		};
/* End PBXNativeTarget section */

/* Begin PBXProject section */
		105AA12B2A1BFC4D00E52448 /* Project object */ = {
			isa = PBXProject;
			attributes = {
				BuildIndependentTargetsInParallel = 1;
				LastSwiftUpdateCheck = 1420;
				LastUpgradeCheck = 1420;
				TargetAttributes = {
					105AA1322A1BFC4D00E52448 = {
						CreatedOnToolsVersion = 14.2;
					};
				};
			};
			buildConfigurationList = 105AA12E2A1BFC4D00E52448 /* Build configuration list for PBXProject "TMDB" */;
			compatibilityVersion = "Xcode 14.0";
			developmentRegion = en;
			hasScannedForEncodings = 0;
			knownRegions = (
				en,
				Base,
			);
			mainGroup = 105AA12A2A1BFC4D00E52448;
			packageReferences = (
			);
			productRefGroup = 105AA1342A1BFC4D00E52448 /* Products */;
			projectDirPath = "";
			projectRoot = "";
			targets = (
				105AA1322A1BFC4D00E52448 /* TMDB */,
			);
		};
/* End PBXProject section */

/* Begin PBXResourcesBuildPhase section */
		105AA1312A1BFC4D00E52448 /* Resources */ = {
			isa = PBXResourcesBuildPhase;
			buildActionMask = 2147483647;
			files = (
				105AA1432A1BFC4F00E52448 /* LaunchScreen.storyboard in Resources */,
				102B16FB2A26EF3A00ECBC6A /* Localizable.strings in Resources */,
				102B175C2A2ABEA800ECBC6A /* Colors.txt in Resources */,
				105AA1402A1BFC4F00E52448 /* Assets.xcassets in Resources */,
			);
			runOnlyForDeploymentPostprocessing = 0;
		};
/* End PBXResourcesBuildPhase section */

/* Begin PBXShellScriptBuildPhase section */
		102B17072A26F93B00ECBC6A /* Swiftgen */ = {
			isa = PBXShellScriptBuildPhase;
			buildActionMask = 2147483647;
			files = (
			);
			inputFileListPaths = (
			);
			inputPaths = (
			);
			name = Swiftgen;
			outputFileListPaths = (
			);
			outputPaths = (
			);
			runOnlyForDeploymentPostprocessing = 0;
			shellPath = /bin/sh;
			shellScript = "[ -f ./swiftgen.yml ] && swiftgen || echo \"No swiftgen.yml found\"\n";
		};
		A2D07680ACE3DBA65866989F /* [CP] Check Pods Manifest.lock */ = {
			isa = PBXShellScriptBuildPhase;
			buildActionMask = 2147483647;
			files = (
			);
			inputFileListPaths = (
			);
			inputPaths = (
				"${PODS_PODFILE_DIR_PATH}/Podfile.lock",
				"${PODS_ROOT}/Manifest.lock",
			);
			name = "[CP] Check Pods Manifest.lock";
			outputFileListPaths = (
			);
			outputPaths = (
				"$(DERIVED_FILE_DIR)/Pods-TMDB-checkManifestLockResult.txt",
			);
			runOnlyForDeploymentPostprocessing = 0;
			shellPath = /bin/sh;
			shellScript = "diff \"${PODS_PODFILE_DIR_PATH}/Podfile.lock\" \"${PODS_ROOT}/Manifest.lock\" > /dev/null\nif [ $? != 0 ] ; then\n    # print error to STDERR\n    echo \"error: The sandbox is not in sync with the Podfile.lock. Run 'pod install' or update your CocoaPods installation.\" >&2\n    exit 1\nfi\n# This output is used by Xcode 'outputs' to avoid re-running this script phase.\necho \"SUCCESS\" > \"${SCRIPT_OUTPUT_FILE_0}\"\n";
			showEnvVarsInLog = 0;
		};
		C8EA19B9BD77F4A637AE55E4 /* [CP] Embed Pods Frameworks */ = {
			isa = PBXShellScriptBuildPhase;
			buildActionMask = 2147483647;
			files = (
			);
			inputFileListPaths = (
				"${PODS_ROOT}/Target Support Files/Pods-TMDB/Pods-TMDB-frameworks-${CONFIGURATION}-input-files.xcfilelist",
			);
			name = "[CP] Embed Pods Frameworks";
			outputFileListPaths = (
				"${PODS_ROOT}/Target Support Files/Pods-TMDB/Pods-TMDB-frameworks-${CONFIGURATION}-output-files.xcfilelist",
			);
			runOnlyForDeploymentPostprocessing = 0;
			shellPath = /bin/sh;
			shellScript = "\"${PODS_ROOT}/Target Support Files/Pods-TMDB/Pods-TMDB-frameworks.sh\"\n";
			showEnvVarsInLog = 0;
		};
/* End PBXShellScriptBuildPhase section */

/* Begin PBXSourcesBuildPhase section */
		105AA12F2A1BFC4D00E52448 /* Sources */ = {
			isa = PBXSourcesBuildPhase;
			buildActionMask = 2147483647;
			files = (
				102B175E2A2AC06100ECBC6A /* Colors.generated.swift in Sources */,
				102B17212A27831300ECBC6A /* SearchMovieInteracting.swift in Sources */,
				105AA1972A1D2DC500E52448 /* DetailMoviePresenter.swift in Sources */,
				105AA1372A1BFC4D00E52448 /* AppDelegate.swift in Sources */,
				102B170A2A26FFE300ECBC6A /* SearchMovieFactory.swift in Sources */,
				102B172C2A27DDD400ECBC6A /* Coordinator.swift in Sources */,
				105AA1692A1C07F800E52448 /* UpcomingMoviesInteracting.swift in Sources */,
				105AA1722A1C20A600E52448 /* UpcomingMoviesPresenter.swift in Sources */,
				102B174B2A281BD500ECBC6A /* UpcomingMoviesRouter.swift in Sources */,
				102B170E2A27008100ECBC6A /* SearchMoviePresenter.swift in Sources */,
				102B17532A29216D00ECBC6A /* Genre.swift in Sources */,
				105AA1672A1C07D900E52448 /* UpcomingMoviesInteractor.swift in Sources */,
				105AA16B2A1C120400E52448 /* UpcomingMoviesServicing.swift in Sources */,
				105AA1582A1BFE2F00E52448 /* UpcomingMoviesViewController.swift in Sources */,
				105AA17D2A1C429200E52448 /* MovieTableViewCell.swift in Sources */,
				105AA1A42A1D2EB900E52448 /* DetailMoviePresenting.swift in Sources */,
				105AA1992A1D2DD600E52448 /* DetailMovieInteractor.swift in Sources */,
				105AA1392A1BFC4D00E52448 /* SceneDelegate.swift in Sources */,
				102B171F2A277FE100ECBC6A /* SearchMovieServicing.swift in Sources */,
				105AA1932A1D2D8900E52448 /* DetailMovieFactory.swift in Sources */,
				105AA19B2A1D2DF000E52448 /* DetailMovieService.swift in Sources */,
				105AA1602A1BFEED00E52448 /* ViewcodeProtocol.swift in Sources */,
				105AA1652A1C06D900E52448 /* BaseViewController.swift in Sources */,
				102B171A2A277BD400ECBC6A /* Date+Extension.swift in Sources */,
				102B17122A27009A00ECBC6A /* SearchMovieView.swift in Sources */,
				105AA1A22A1D2EA800E52448 /* DetailMovieServicing.swift in Sources */,
				105AA1782A1C34BA00E52448 /* UpcomingMoviesDatasource.swift in Sources */,
				105AA1702A1C143A00E52448 /* UpcomingMoviesService.swift in Sources */,
				105AA15A2A1BFE3D00E52448 /* UpcomingMoviesFactory.swift in Sources */,
				102B171D2A277FC000ECBC6A /* SearchMoviePresenting.swift in Sources */,
				105AA17A2A1C34F900E52448 /* Datasource.swift in Sources */,
				102B17572A2921A500ECBC6A /* VideosResponse.swift in Sources */,
				105AA19D2A1D2E0400E52448 /* DetailMovieViewController.swift in Sources */,
				105AA1872A1C4BEE00E52448 /* Endpoint.swift in Sources */,
				102B174D2A281C4800ECBC6A /* UpcomingMoviesRouting.swift in Sources */,
				105AA1842A1C4A6800E52448 /* URLSession+Extension.swift in Sources */,
				105AA1A02A1D2E9800E52448 /* DetailMovieInteracting.swift in Sources */,
				102B17552A29219600ECBC6A /* MovieResponse.swift in Sources */,
				105AA16E2A1C123400E52448 /* UpcomingMoviesPresenting.swift in Sources */,
				102B17142A2700BD00ECBC6A /* SearchMovieViewController.swift in Sources */,
				105AA15C2A1BFE8E00E52448 /* UpcomingMoviesView.swift in Sources */,
				10AF15912A2696750082D478 /* ImageLoader.swift in Sources */,
				105AA1952A1D2DB300E52448 /* DetailMovieView.swift in Sources */,
				105AA18C2A1D0A7300E52448 /* ImageEndpoint.swift in Sources */,
				102B17102A27008F00ECBC6A /* SearchMovieService.swift in Sources */,
				105AA1812A1C491900E52448 /* Movie.swift in Sources */,
				102B170C2A27006F00ECBC6A /* SearchMovieInteractor.swift in Sources */,
				102B16FD2A26EFED00ECBC6A /* Strings.generated.swift in Sources */,
			);
			runOnlyForDeploymentPostprocessing = 0;
		};
/* End PBXSourcesBuildPhase section */

/* Begin PBXVariantGroup section */
		105AA1412A1BFC4F00E52448 /* LaunchScreen.storyboard */ = {
			isa = PBXVariantGroup;
			children = (
				105AA1422A1BFC4F00E52448 /* Base */,
			);
			name = LaunchScreen.storyboard;
			sourceTree = "<group>";
		};
/* End PBXVariantGroup section */

/* Begin XCBuildConfiguration section */
		105AA1452A1BFC4F00E52448 /* Debug */ = {
			isa = XCBuildConfiguration;
			buildSettings = {
				ALWAYS_SEARCH_USER_PATHS = NO;
				CLANG_ANALYZER_NONNULL = YES;
				CLANG_ANALYZER_NUMBER_OBJECT_CONVERSION = YES_AGGRESSIVE;
				CLANG_CXX_LANGUAGE_STANDARD = "gnu++20";
				CLANG_ENABLE_MODULES = YES;
				CLANG_ENABLE_OBJC_ARC = YES;
				CLANG_ENABLE_OBJC_WEAK = YES;
				CLANG_WARN_BLOCK_CAPTURE_AUTORELEASING = YES;
				CLANG_WARN_BOOL_CONVERSION = YES;
				CLANG_WARN_COMMA = YES;
				CLANG_WARN_CONSTANT_CONVERSION = YES;
				CLANG_WARN_DEPRECATED_OBJC_IMPLEMENTATIONS = YES;
				CLANG_WARN_DIRECT_OBJC_ISA_USAGE = YES_ERROR;
				CLANG_WARN_DOCUMENTATION_COMMENTS = YES;
				CLANG_WARN_EMPTY_BODY = YES;
				CLANG_WARN_ENUM_CONVERSION = YES;
				CLANG_WARN_INFINITE_RECURSION = YES;
				CLANG_WARN_INT_CONVERSION = YES;
				CLANG_WARN_NON_LITERAL_NULL_CONVERSION = YES;
				CLANG_WARN_OBJC_IMPLICIT_RETAIN_SELF = YES;
				CLANG_WARN_OBJC_LITERAL_CONVERSION = YES;
				CLANG_WARN_OBJC_ROOT_CLASS = YES_ERROR;
				CLANG_WARN_QUOTED_INCLUDE_IN_FRAMEWORK_HEADER = YES;
				CLANG_WARN_RANGE_LOOP_ANALYSIS = YES;
				CLANG_WARN_STRICT_PROTOTYPES = YES;
				CLANG_WARN_SUSPICIOUS_MOVE = YES;
				CLANG_WARN_UNGUARDED_AVAILABILITY = YES_AGGRESSIVE;
				CLANG_WARN_UNREACHABLE_CODE = YES;
				CLANG_WARN__DUPLICATE_METHOD_MATCH = YES;
				COPY_PHASE_STRIP = NO;
				DEBUG_INFORMATION_FORMAT = dwarf;
				ENABLE_STRICT_OBJC_MSGSEND = YES;
				ENABLE_TESTABILITY = YES;
				GCC_C_LANGUAGE_STANDARD = gnu11;
				GCC_DYNAMIC_NO_PIC = NO;
				GCC_NO_COMMON_BLOCKS = YES;
				GCC_OPTIMIZATION_LEVEL = 0;
				GCC_PREPROCESSOR_DEFINITIONS = (
					"DEBUG=1",
					"$(inherited)",
				);
				GCC_WARN_64_TO_32_BIT_CONVERSION = YES;
				GCC_WARN_ABOUT_RETURN_TYPE = YES_ERROR;
				GCC_WARN_UNDECLARED_SELECTOR = YES;
				GCC_WARN_UNINITIALIZED_AUTOS = YES_AGGRESSIVE;
				GCC_WARN_UNUSED_FUNCTION = YES;
				GCC_WARN_UNUSED_VARIABLE = YES;
				IPHONEOS_DEPLOYMENT_TARGET = 16.2;
				MTL_ENABLE_DEBUG_INFO = INCLUDE_SOURCE;
				MTL_FAST_MATH = YES;
				ONLY_ACTIVE_ARCH = YES;
				SDKROOT = iphoneos;
				SWIFT_ACTIVE_COMPILATION_CONDITIONS = DEBUG;
				SWIFT_OPTIMIZATION_LEVEL = "-Onone";
			};
			name = Debug;
		};
		105AA1462A1BFC4F00E52448 /* Release */ = {
			isa = XCBuildConfiguration;
			buildSettings = {
				ALWAYS_SEARCH_USER_PATHS = NO;
				CLANG_ANALYZER_NONNULL = YES;
				CLANG_ANALYZER_NUMBER_OBJECT_CONVERSION = YES_AGGRESSIVE;
				CLANG_CXX_LANGUAGE_STANDARD = "gnu++20";
				CLANG_ENABLE_MODULES = YES;
				CLANG_ENABLE_OBJC_ARC = YES;
				CLANG_ENABLE_OBJC_WEAK = YES;
				CLANG_WARN_BLOCK_CAPTURE_AUTORELEASING = YES;
				CLANG_WARN_BOOL_CONVERSION = YES;
				CLANG_WARN_COMMA = YES;
				CLANG_WARN_CONSTANT_CONVERSION = YES;
				CLANG_WARN_DEPRECATED_OBJC_IMPLEMENTATIONS = YES;
				CLANG_WARN_DIRECT_OBJC_ISA_USAGE = YES_ERROR;
				CLANG_WARN_DOCUMENTATION_COMMENTS = YES;
				CLANG_WARN_EMPTY_BODY = YES;
				CLANG_WARN_ENUM_CONVERSION = YES;
				CLANG_WARN_INFINITE_RECURSION = YES;
				CLANG_WARN_INT_CONVERSION = YES;
				CLANG_WARN_NON_LITERAL_NULL_CONVERSION = YES;
				CLANG_WARN_OBJC_IMPLICIT_RETAIN_SELF = YES;
				CLANG_WARN_OBJC_LITERAL_CONVERSION = YES;
				CLANG_WARN_OBJC_ROOT_CLASS = YES_ERROR;
				CLANG_WARN_QUOTED_INCLUDE_IN_FRAMEWORK_HEADER = YES;
				CLANG_WARN_RANGE_LOOP_ANALYSIS = YES;
				CLANG_WARN_STRICT_PROTOTYPES = YES;
				CLANG_WARN_SUSPICIOUS_MOVE = YES;
				CLANG_WARN_UNGUARDED_AVAILABILITY = YES_AGGRESSIVE;
				CLANG_WARN_UNREACHABLE_CODE = YES;
				CLANG_WARN__DUPLICATE_METHOD_MATCH = YES;
				COPY_PHASE_STRIP = NO;
				DEBUG_INFORMATION_FORMAT = "dwarf-with-dsym";
				ENABLE_NS_ASSERTIONS = NO;
				ENABLE_STRICT_OBJC_MSGSEND = YES;
				GCC_C_LANGUAGE_STANDARD = gnu11;
				GCC_NO_COMMON_BLOCKS = YES;
				GCC_WARN_64_TO_32_BIT_CONVERSION = YES;
				GCC_WARN_ABOUT_RETURN_TYPE = YES_ERROR;
				GCC_WARN_UNDECLARED_SELECTOR = YES;
				GCC_WARN_UNINITIALIZED_AUTOS = YES_AGGRESSIVE;
				GCC_WARN_UNUSED_FUNCTION = YES;
				GCC_WARN_UNUSED_VARIABLE = YES;
				IPHONEOS_DEPLOYMENT_TARGET = 16.2;
				MTL_ENABLE_DEBUG_INFO = NO;
				MTL_FAST_MATH = YES;
				SDKROOT = iphoneos;
				SWIFT_COMPILATION_MODE = wholemodule;
				SWIFT_OPTIMIZATION_LEVEL = "-O";
				VALIDATE_PRODUCT = YES;
			};
			name = Release;
		};
		105AA1482A1BFC4F00E52448 /* Debug */ = {
			isa = XCBuildConfiguration;
			baseConfigurationReference = DB030982DCB8D7DFC5461238 /* Pods-TMDB.debug.xcconfig */;
			buildSettings = {
				ASSETCATALOG_COMPILER_APPICON_NAME = AppIcon;
				ASSETCATALOG_COMPILER_GLOBAL_ACCENT_COLOR_NAME = AccentColor;
				CODE_SIGN_STYLE = Automatic;
				CURRENT_PROJECT_VERSION = 1;
				DEVELOPMENT_TEAM = 5W89LBPGTZ;
				GENERATE_INFOPLIST_FILE = YES;
				INFOPLIST_FILE = TMDB/Info.plist;
				INFOPLIST_KEY_LSApplicationCategoryType = "public.app-category.entertainment";
				INFOPLIST_KEY_UIApplicationSupportsIndirectInputEvents = YES;
				INFOPLIST_KEY_UILaunchStoryboardName = LaunchScreen;
				INFOPLIST_KEY_UIMainStoryboardFile = "";
				INFOPLIST_KEY_UISupportedInterfaceOrientations_iPad = "UIInterfaceOrientationPortrait UIInterfaceOrientationPortraitUpsideDown UIInterfaceOrientationLandscapeLeft UIInterfaceOrientationLandscapeRight";
				INFOPLIST_KEY_UISupportedInterfaceOrientations_iPhone = "UIInterfaceOrientationPortrait UIInterfaceOrientationLandscapeLeft UIInterfaceOrientationLandscapeRight";
				IPHONEOS_DEPLOYMENT_TARGET = 12.4;
				LD_RUNPATH_SEARCH_PATHS = (
					"$(inherited)",
					"@executable_path/Frameworks",
				);
				MARKETING_VERSION = 1.0;
				PRODUCT_BUNDLE_IDENTIFIER = br.com.lucask84ever.TMDB;
				PRODUCT_NAME = "$(TARGET_NAME)";
				SUPPORTED_PLATFORMS = "iphoneos iphonesimulator";
				SUPPORTS_MACCATALYST = NO;
				SUPPORTS_MAC_DESIGNED_FOR_IPHONE_IPAD = NO;
				SWIFT_EMIT_LOC_STRINGS = YES;
				SWIFT_VERSION = 5.0;
				TARGETED_DEVICE_FAMILY = 1;
			};
			name = Debug;
		};
		105AA1492A1BFC4F00E52448 /* Release */ = {
			isa = XCBuildConfiguration;
			baseConfigurationReference = 64F376B7E260D80BD996661C /* Pods-TMDB.release.xcconfig */;
			buildSettings = {
				ASSETCATALOG_COMPILER_APPICON_NAME = AppIcon;
				ASSETCATALOG_COMPILER_GLOBAL_ACCENT_COLOR_NAME = AccentColor;
				CODE_SIGN_STYLE = Automatic;
				CURRENT_PROJECT_VERSION = 1;
				DEVELOPMENT_TEAM = 5W89LBPGTZ;
				GENERATE_INFOPLIST_FILE = YES;
				INFOPLIST_FILE = TMDB/Info.plist;
				INFOPLIST_KEY_LSApplicationCategoryType = "public.app-category.entertainment";
				INFOPLIST_KEY_UIApplicationSupportsIndirectInputEvents = YES;
				INFOPLIST_KEY_UILaunchStoryboardName = LaunchScreen;
				INFOPLIST_KEY_UIMainStoryboardFile = "";
				INFOPLIST_KEY_UISupportedInterfaceOrientations_iPad = "UIInterfaceOrientationPortrait UIInterfaceOrientationPortraitUpsideDown UIInterfaceOrientationLandscapeLeft UIInterfaceOrientationLandscapeRight";
				INFOPLIST_KEY_UISupportedInterfaceOrientations_iPhone = "UIInterfaceOrientationPortrait UIInterfaceOrientationLandscapeLeft UIInterfaceOrientationLandscapeRight";
				IPHONEOS_DEPLOYMENT_TARGET = 12.4;
				LD_RUNPATH_SEARCH_PATHS = (
					"$(inherited)",
					"@executable_path/Frameworks",
				);
				MARKETING_VERSION = 1.0;
				PRODUCT_BUNDLE_IDENTIFIER = br.com.lucask84ever.TMDB;
				PRODUCT_NAME = "$(TARGET_NAME)";
				SUPPORTED_PLATFORMS = "iphoneos iphonesimulator";
				SUPPORTS_MACCATALYST = NO;
				SUPPORTS_MAC_DESIGNED_FOR_IPHONE_IPAD = NO;
				SWIFT_EMIT_LOC_STRINGS = YES;
				SWIFT_VERSION = 5.0;
				TARGETED_DEVICE_FAMILY = 1;
			};
			name = Release;
		};
/* End XCBuildConfiguration section */

/* Begin XCConfigurationList section */
		105AA12E2A1BFC4D00E52448 /* Build configuration list for PBXProject "TMDB" */ = {
			isa = XCConfigurationList;
			buildConfigurations = (
				105AA1452A1BFC4F00E52448 /* Debug */,
				105AA1462A1BFC4F00E52448 /* Release */,
			);
			defaultConfigurationIsVisible = 0;
			defaultConfigurationName = Release;
		};
		105AA1472A1BFC4F00E52448 /* Build configuration list for PBXNativeTarget "TMDB" */ = {
			isa = XCConfigurationList;
			buildConfigurations = (
				105AA1482A1BFC4F00E52448 /* Debug */,
				105AA1492A1BFC4F00E52448 /* Release */,
			);
			defaultConfigurationIsVisible = 0;
			defaultConfigurationName = Release;
		};
/* End XCConfigurationList section */
	};
	rootObject = 105AA12B2A1BFC4D00E52448 /* Project object */;
}
