// !$*UTF8*$!
{
	archiveVersion = 1;
	classes = {
	};
	objectVersion = 55;
	objects = {

/* Begin PBXBuildFile section */
		102B16FB2A26EF3A00ECBC6A /* Localizable.strings in Resources */ = {isa = PBXBuildFile; fileRef = 102B16FA2A26EF3A00ECBC6A /* Localizable.strings */; };
		102B16FD2A26EFED00ECBC6A /* Strings.generated.swift in Sources */ = {isa = PBXBuildFile; fileRef = 102B16FC2A26EFEC00ECBC6A /* Strings.generated.swift */; };
		102B170A2A26FFE300ECBC6A /* SearchMovieFactory.swift in Sources */ = {isa = PBXBuildFile; fileRef = 102B17092A26FFE300ECBC6A /* SearchMovieFactory.swift */; };
		102B170C2A27006F00ECBC6A /* SearchMovieInteractor.swift in Sources */ = {isa = PBXBuildFile; fileRef = 102B170B2A27006F00ECBC6A /* SearchMovieInteractor.swift */; };
		102B170E2A27008100ECBC6A /* SearchMoviePresenter.swift in Sources */ = {isa = PBXBuildFile; fileRef = 102B170D2A27008100ECBC6A /* SearchMoviePresenter.swift */; };
		102B17102A27008F00ECBC6A /* SearchMovieService.swift in Sources */ = {isa = PBXBuildFile; fileRef = 102B170F2A27008F00ECBC6A /* SearchMovieService.swift */; };
		102B17122A27009A00ECBC6A /* SearchMovieView.swift in Sources */ = {isa = PBXBuildFile; fileRef = 102B17112A27009A00ECBC6A /* SearchMovieView.swift */; };
		102B17142A2700BD00ECBC6A /* SearchMovieViewController.swift in Sources */ = {isa = PBXBuildFile; fileRef = 102B17132A2700BD00ECBC6A /* SearchMovieViewController.swift */; };
		102B171A2A277BD400ECBC6A /* Date+Extension.swift in Sources */ = {isa = PBXBuildFile; fileRef = 102B17192A277BD400ECBC6A /* Date+Extension.swift */; };
		102B172C2A27DDD400ECBC6A /* TMDB.swift in Sources */ = {isa = PBXBuildFile; fileRef = 102B172B2A27DDD400ECBC6A /* TMDB.swift */; };
		102B17532A29216D00ECBC6A /* Genre.swift in Sources */ = {isa = PBXBuildFile; fileRef = 102B17522A29216D00ECBC6A /* Genre.swift */; };
		102B17552A29219600ECBC6A /* MovieResponse.swift in Sources */ = {isa = PBXBuildFile; fileRef = 102B17542A29219600ECBC6A /* MovieResponse.swift */; };
		102B17572A2921A500ECBC6A /* VideosResponse.swift in Sources */ = {isa = PBXBuildFile; fileRef = 102B17562A2921A500ECBC6A /* VideosResponse.swift */; };
		102B175C2A2ABEA800ECBC6A /* Colors.txt in Resources */ = {isa = PBXBuildFile; fileRef = 102B175B2A2ABEA800ECBC6A /* Colors.txt */; };
		102B175E2A2AC06100ECBC6A /* Colors.generated.swift in Sources */ = {isa = PBXBuildFile; fileRef = 102B175D2A2AC06100ECBC6A /* Colors.generated.swift */; };
		104F47DB2A2E6B4B00DFF113 /* HomeFactory.swift in Sources */ = {isa = PBXBuildFile; fileRef = 104F47DA2A2E6B4B00DFF113 /* HomeFactory.swift */; };
		104F47DD2A2E6B7000DFF113 /* HomeViewController.swift in Sources */ = {isa = PBXBuildFile; fileRef = 104F47DC2A2E6B7000DFF113 /* HomeViewController.swift */; };
		104F47DF2A2E6B9400DFF113 /* HomeInteractor.swift in Sources */ = {isa = PBXBuildFile; fileRef = 104F47DE2A2E6B9400DFF113 /* HomeInteractor.swift */; };
		104F47E12A2E6BB100DFF113 /* HomeService.swift in Sources */ = {isa = PBXBuildFile; fileRef = 104F47E02A2E6BB100DFF113 /* HomeService.swift */; };
		104F47E32A2E6BD100DFF113 /* HomePresenter.swift in Sources */ = {isa = PBXBuildFile; fileRef = 104F47E22A2E6BD100DFF113 /* HomePresenter.swift */; };
		104F47E52A2E6BF400DFF113 /* HomeRouter.swift in Sources */ = {isa = PBXBuildFile; fileRef = 104F47E42A2E6BF400DFF113 /* HomeRouter.swift */; };
		104F47E72A2E6C8900DFF113 /* HomeView.swift in Sources */ = {isa = PBXBuildFile; fileRef = 104F47E62A2E6C8900DFF113 /* HomeView.swift */; };
		104F47EC2A2EA6BD00DFF113 /* CustomTextfield.swift in Sources */ = {isa = PBXBuildFile; fileRef = 104F47EB2A2EA6BD00DFF113 /* CustomTextfield.swift */; };
		104F47F32A2EC55800DFF113 /* SearchMovieRouter.swift in Sources */ = {isa = PBXBuildFile; fileRef = 104F47F22A2EC55800DFF113 /* SearchMovieRouter.swift */; };
		104F47F62A2ED16800DFF113 /* WatchListFactory.swift in Sources */ = {isa = PBXBuildFile; fileRef = 104F47F52A2ED16800DFF113 /* WatchListFactory.swift */; };
		104F47F82A2ED20200DFF113 /* WatchListPresenter.swift in Sources */ = {isa = PBXBuildFile; fileRef = 104F47F72A2ED20200DFF113 /* WatchListPresenter.swift */; };
		104F47FA2A2ED21200DFF113 /* WatchListInteractor.swift in Sources */ = {isa = PBXBuildFile; fileRef = 104F47F92A2ED21200DFF113 /* WatchListInteractor.swift */; };
		104F47FC2A2ED22000DFF113 /* WatchListService.swift in Sources */ = {isa = PBXBuildFile; fileRef = 104F47FB2A2ED22000DFF113 /* WatchListService.swift */; };
		104F47FE2A2ED22900DFF113 /* WatchListRouter.swift in Sources */ = {isa = PBXBuildFile; fileRef = 104F47FD2A2ED22900DFF113 /* WatchListRouter.swift */; };
		104F48002A2ED23500DFF113 /* WatchListViewController.swift in Sources */ = {isa = PBXBuildFile; fileRef = 104F47FF2A2ED23500DFF113 /* WatchListViewController.swift */; };
		104F48022A2ED24600DFF113 /* WatchListView.swift in Sources */ = {isa = PBXBuildFile; fileRef = 104F48012A2ED24600DFF113 /* WatchListView.swift */; };
		104F48082A2EE03F00DFF113 /* TopFiveCategoryMoviesDataSource.swift in Sources */ = {isa = PBXBuildFile; fileRef = 104F48072A2EE03F00DFF113 /* TopFiveCategoryMoviesDataSource.swift */; };
		104F480A2A2EE12C00DFF113 /* HomeTopRatedMoviesDelegate.swift in Sources */ = {isa = PBXBuildFile; fileRef = 104F48092A2EE12C00DFF113 /* HomeTopRatedMoviesDelegate.swift */; };
		104F480D2A2EE1E900DFF113 /* TopFiveCategoryMovieCollectionViewCell.swift in Sources */ = {isa = PBXBuildFile; fileRef = 104F480C2A2EE1E900DFF113 /* TopFiveCategoryMovieCollectionViewCell.swift */; };
		104F48102A2F874500DFF113 /* TopFiveCategoryMovieDelegate.swift in Sources */ = {isa = PBXBuildFile; fileRef = 104F480F2A2F874500DFF113 /* TopFiveCategoryMovieDelegate.swift */; };
		104F481A2A3028BF00DFF113 /* TypeListCollectionViewCell.swift in Sources */ = {isa = PBXBuildFile; fileRef = 104F48192A3028BF00DFF113 /* TypeListCollectionViewCell.swift */; };
		104F481D2A302AB900DFF113 /* TypeListDelegate.swift in Sources */ = {isa = PBXBuildFile; fileRef = 104F481C2A302AB900DFF113 /* TypeListDelegate.swift */; };
		104F481F2A302AC500DFF113 /* TypeListDataSource.swift in Sources */ = {isa = PBXBuildFile; fileRef = 104F481E2A302AC500DFF113 /* TypeListDataSource.swift */; };
		104F48212A302C7100DFF113 /* HomeMovieListDelegate.swift in Sources */ = {isa = PBXBuildFile; fileRef = 104F48202A302C7100DFF113 /* HomeMovieListDelegate.swift */; };
		105AA1372A1BFC4D00E52448 /* AppDelegate.swift in Sources */ = {isa = PBXBuildFile; fileRef = 105AA1362A1BFC4D00E52448 /* AppDelegate.swift */; };
		105AA1392A1BFC4D00E52448 /* SceneDelegate.swift in Sources */ = {isa = PBXBuildFile; fileRef = 105AA1382A1BFC4D00E52448 /* SceneDelegate.swift */; };
		105AA1402A1BFC4F00E52448 /* Assets.xcassets in Resources */ = {isa = PBXBuildFile; fileRef = 105AA13F2A1BFC4F00E52448 /* Assets.xcassets */; };
		105AA1432A1BFC4F00E52448 /* LaunchScreen.storyboard in Resources */ = {isa = PBXBuildFile; fileRef = 105AA1412A1BFC4F00E52448 /* LaunchScreen.storyboard */; };
		105AA1602A1BFEED00E52448 /* ViewCodeProtocol.swift in Sources */ = {isa = PBXBuildFile; fileRef = 105AA15F2A1BFEED00E52448 /* ViewCodeProtocol.swift */; };
		105AA1652A1C06D900E52448 /* BaseViewController.swift in Sources */ = {isa = PBXBuildFile; fileRef = 105AA1642A1C06D900E52448 /* BaseViewController.swift */; };
		105AA1812A1C491900E52448 /* Movie.swift in Sources */ = {isa = PBXBuildFile; fileRef = 105AA1802A1C491900E52448 /* Movie.swift */; };
		105AA1842A1C4A6800E52448 /* URLSession+Extension.swift in Sources */ = {isa = PBXBuildFile; fileRef = 105AA1832A1C4A6800E52448 /* URLSession+Extension.swift */; };
		105AA1872A1C4BEE00E52448 /* Endpoint.swift in Sources */ = {isa = PBXBuildFile; fileRef = 105AA1862A1C4BEE00E52448 /* Endpoint.swift */; };
		105AA18C2A1D0A7300E52448 /* ImageEndpoint.swift in Sources */ = {isa = PBXBuildFile; fileRef = 105AA18B2A1D0A7200E52448 /* ImageEndpoint.swift */; };
		108523692A30FE8000FC4FD4 /* TypeMovieCollectionViewCell.swift in Sources */ = {isa = PBXBuildFile; fileRef = 108523682A30FE8000FC4FD4 /* TypeMovieCollectionViewCell.swift */; };
		1085236B2A30FFA100FC4FD4 /* TypeMovieDelegate.swift in Sources */ = {isa = PBXBuildFile; fileRef = 1085236A2A30FFA100FC4FD4 /* TypeMovieDelegate.swift */; };
		1085236D2A3102D100FC4FD4 /* TypeMovieDataSource.swift in Sources */ = {isa = PBXBuildFile; fileRef = 1085236C2A3102D100FC4FD4 /* TypeMovieDataSource.swift */; };
		10AF15912A2696750082D478 /* ImageLoader.swift in Sources */ = {isa = PBXBuildFile; fileRef = 10AF15902A2696750082D478 /* ImageLoader.swift */; };
		EC73B78C9E4D6FD9254EE6C7 /* Pods_TMDB.framework in Frameworks */ = {isa = PBXBuildFile; fileRef = B440D38331C1C8C058258C56 /* Pods_TMDB.framework */; };
/* End PBXBuildFile section */

/* Begin PBXFileReference section */
		102B16FA2A26EF3A00ECBC6A /* Localizable.strings */ = {isa = PBXFileReference; lastKnownFileType = text.plist.strings; path = Localizable.strings; sourceTree = "<group>"; };
		102B16FC2A26EFEC00ECBC6A /* Strings.generated.swift */ = {isa = PBXFileReference; fileEncoding = 4; lastKnownFileType = sourcecode.swift; path = Strings.generated.swift; sourceTree = "<group>"; };
		102B17092A26FFE300ECBC6A /* SearchMovieFactory.swift */ = {isa = PBXFileReference; lastKnownFileType = sourcecode.swift; path = SearchMovieFactory.swift; sourceTree = "<group>"; };
		102B170B2A27006F00ECBC6A /* SearchMovieInteractor.swift */ = {isa = PBXFileReference; lastKnownFileType = sourcecode.swift; path = SearchMovieInteractor.swift; sourceTree = "<group>"; };
		102B170D2A27008100ECBC6A /* SearchMoviePresenter.swift */ = {isa = PBXFileReference; lastKnownFileType = sourcecode.swift; path = SearchMoviePresenter.swift; sourceTree = "<group>"; };
		102B170F2A27008F00ECBC6A /* SearchMovieService.swift */ = {isa = PBXFileReference; lastKnownFileType = sourcecode.swift; path = SearchMovieService.swift; sourceTree = "<group>"; };
		102B17112A27009A00ECBC6A /* SearchMovieView.swift */ = {isa = PBXFileReference; lastKnownFileType = sourcecode.swift; path = SearchMovieView.swift; sourceTree = "<group>"; };
		102B17132A2700BD00ECBC6A /* SearchMovieViewController.swift */ = {isa = PBXFileReference; lastKnownFileType = sourcecode.swift; path = SearchMovieViewController.swift; sourceTree = "<group>"; };
		102B17192A277BD400ECBC6A /* Date+Extension.swift */ = {isa = PBXFileReference; lastKnownFileType = sourcecode.swift; path = "Date+Extension.swift"; sourceTree = "<group>"; };
		102B172B2A27DDD400ECBC6A /* TMDB.swift */ = {isa = PBXFileReference; lastKnownFileType = sourcecode.swift; path = TMDB.swift; sourceTree = "<group>"; };
		102B17522A29216D00ECBC6A /* Genre.swift */ = {isa = PBXFileReference; lastKnownFileType = sourcecode.swift; path = Genre.swift; sourceTree = "<group>"; };
		102B17542A29219600ECBC6A /* MovieResponse.swift */ = {isa = PBXFileReference; lastKnownFileType = sourcecode.swift; path = MovieResponse.swift; sourceTree = "<group>"; };
		102B17562A2921A500ECBC6A /* VideosResponse.swift */ = {isa = PBXFileReference; lastKnownFileType = sourcecode.swift; path = VideosResponse.swift; sourceTree = "<group>"; };
		102B175B2A2ABEA800ECBC6A /* Colors.txt */ = {isa = PBXFileReference; lastKnownFileType = text; path = Colors.txt; sourceTree = "<group>"; };
		102B175D2A2AC06100ECBC6A /* Colors.generated.swift */ = {isa = PBXFileReference; fileEncoding = 4; lastKnownFileType = sourcecode.swift; path = Colors.generated.swift; sourceTree = "<group>"; };
		104F47DA2A2E6B4B00DFF113 /* HomeFactory.swift */ = {isa = PBXFileReference; lastKnownFileType = sourcecode.swift; path = HomeFactory.swift; sourceTree = "<group>"; };
		104F47DC2A2E6B7000DFF113 /* HomeViewController.swift */ = {isa = PBXFileReference; lastKnownFileType = sourcecode.swift; path = HomeViewController.swift; sourceTree = "<group>"; };
		104F47DE2A2E6B9400DFF113 /* HomeInteractor.swift */ = {isa = PBXFileReference; lastKnownFileType = sourcecode.swift; path = HomeInteractor.swift; sourceTree = "<group>"; };
		104F47E02A2E6BB100DFF113 /* HomeService.swift */ = {isa = PBXFileReference; lastKnownFileType = sourcecode.swift; path = HomeService.swift; sourceTree = "<group>"; };
		104F47E22A2E6BD100DFF113 /* HomePresenter.swift */ = {isa = PBXFileReference; lastKnownFileType = sourcecode.swift; path = HomePresenter.swift; sourceTree = "<group>"; };
		104F47E42A2E6BF400DFF113 /* HomeRouter.swift */ = {isa = PBXFileReference; lastKnownFileType = sourcecode.swift; path = HomeRouter.swift; sourceTree = "<group>"; };
		104F47E62A2E6C8900DFF113 /* HomeView.swift */ = {isa = PBXFileReference; lastKnownFileType = sourcecode.swift; path = HomeView.swift; sourceTree = "<group>"; };
		104F47EB2A2EA6BD00DFF113 /* CustomTextfield.swift */ = {isa = PBXFileReference; lastKnownFileType = sourcecode.swift; path = CustomTextfield.swift; sourceTree = "<group>"; };
		104F47F22A2EC55800DFF113 /* SearchMovieRouter.swift */ = {isa = PBXFileReference; lastKnownFileType = sourcecode.swift; path = SearchMovieRouter.swift; sourceTree = "<group>"; };
		104F47F52A2ED16800DFF113 /* WatchListFactory.swift */ = {isa = PBXFileReference; lastKnownFileType = sourcecode.swift; path = WatchListFactory.swift; sourceTree = "<group>"; };
		104F47F72A2ED20200DFF113 /* WatchListPresenter.swift */ = {isa = PBXFileReference; lastKnownFileType = sourcecode.swift; path = WatchListPresenter.swift; sourceTree = "<group>"; };
		104F47F92A2ED21200DFF113 /* WatchListInteractor.swift */ = {isa = PBXFileReference; lastKnownFileType = sourcecode.swift; path = WatchListInteractor.swift; sourceTree = "<group>"; };
		104F47FB2A2ED22000DFF113 /* WatchListService.swift */ = {isa = PBXFileReference; lastKnownFileType = sourcecode.swift; path = WatchListService.swift; sourceTree = "<group>"; };
		104F47FD2A2ED22900DFF113 /* WatchListRouter.swift */ = {isa = PBXFileReference; lastKnownFileType = sourcecode.swift; path = WatchListRouter.swift; sourceTree = "<group>"; };
		104F47FF2A2ED23500DFF113 /* WatchListViewController.swift */ = {isa = PBXFileReference; lastKnownFileType = sourcecode.swift; path = WatchListViewController.swift; sourceTree = "<group>"; };
		104F48012A2ED24600DFF113 /* WatchListView.swift */ = {isa = PBXFileReference; lastKnownFileType = sourcecode.swift; path = WatchListView.swift; sourceTree = "<group>"; };
		104F48072A2EE03F00DFF113 /* TopFiveCategoryMoviesDataSource.swift */ = {isa = PBXFileReference; lastKnownFileType = sourcecode.swift; path = TopFiveCategoryMoviesDataSource.swift; sourceTree = "<group>"; };
		104F48092A2EE12C00DFF113 /* HomeTopRatedMoviesDelegate.swift */ = {isa = PBXFileReference; lastKnownFileType = sourcecode.swift; path = HomeTopRatedMoviesDelegate.swift; sourceTree = "<group>"; };
		104F480C2A2EE1E900DFF113 /* TopFiveCategoryMovieCollectionViewCell.swift */ = {isa = PBXFileReference; lastKnownFileType = sourcecode.swift; path = TopFiveCategoryMovieCollectionViewCell.swift; sourceTree = "<group>"; };
		104F480F2A2F874500DFF113 /* TopFiveCategoryMovieDelegate.swift */ = {isa = PBXFileReference; lastKnownFileType = sourcecode.swift; path = TopFiveCategoryMovieDelegate.swift; sourceTree = "<group>"; };
		104F48192A3028BF00DFF113 /* TypeListCollectionViewCell.swift */ = {isa = PBXFileReference; lastKnownFileType = sourcecode.swift; path = TypeListCollectionViewCell.swift; sourceTree = "<group>"; };
		104F481C2A302AB900DFF113 /* TypeListDelegate.swift */ = {isa = PBXFileReference; lastKnownFileType = sourcecode.swift; path = TypeListDelegate.swift; sourceTree = "<group>"; };
		104F481E2A302AC500DFF113 /* TypeListDataSource.swift */ = {isa = PBXFileReference; lastKnownFileType = sourcecode.swift; path = TypeListDataSource.swift; sourceTree = "<group>"; };
		104F48202A302C7100DFF113 /* HomeMovieListDelegate.swift */ = {isa = PBXFileReference; lastKnownFileType = sourcecode.swift; path = HomeMovieListDelegate.swift; sourceTree = "<group>"; };
		105AA1332A1BFC4D00E52448 /* TMDB.app */ = {isa = PBXFileReference; explicitFileType = wrapper.application; includeInIndex = 0; path = TMDB.app; sourceTree = BUILT_PRODUCTS_DIR; };
		105AA1362A1BFC4D00E52448 /* AppDelegate.swift */ = {isa = PBXFileReference; lastKnownFileType = sourcecode.swift; path = AppDelegate.swift; sourceTree = "<group>"; };
		105AA1382A1BFC4D00E52448 /* SceneDelegate.swift */ = {isa = PBXFileReference; lastKnownFileType = sourcecode.swift; path = SceneDelegate.swift; sourceTree = "<group>"; };
		105AA13F2A1BFC4F00E52448 /* Assets.xcassets */ = {isa = PBXFileReference; lastKnownFileType = folder.assetcatalog; path = Assets.xcassets; sourceTree = "<group>"; };
		105AA1422A1BFC4F00E52448 /* Base */ = {isa = PBXFileReference; lastKnownFileType = file.storyboard; name = Base; path = Base.lproj/LaunchScreen.storyboard; sourceTree = "<group>"; };
		105AA1442A1BFC4F00E52448 /* Info.plist */ = {isa = PBXFileReference; lastKnownFileType = text.plist.xml; path = Info.plist; sourceTree = "<group>"; };
		105AA15F2A1BFEED00E52448 /* ViewCodeProtocol.swift */ = {isa = PBXFileReference; lastKnownFileType = sourcecode.swift; path = ViewCodeProtocol.swift; sourceTree = "<group>"; };
		105AA1642A1C06D900E52448 /* BaseViewController.swift */ = {isa = PBXFileReference; lastKnownFileType = sourcecode.swift; path = BaseViewController.swift; sourceTree = "<group>"; };
		105AA1802A1C491900E52448 /* Movie.swift */ = {isa = PBXFileReference; lastKnownFileType = sourcecode.swift; path = Movie.swift; sourceTree = "<group>"; };
		105AA1832A1C4A6800E52448 /* URLSession+Extension.swift */ = {isa = PBXFileReference; lastKnownFileType = sourcecode.swift; path = "URLSession+Extension.swift"; sourceTree = "<group>"; };
		105AA1862A1C4BEE00E52448 /* Endpoint.swift */ = {isa = PBXFileReference; lastKnownFileType = sourcecode.swift; path = Endpoint.swift; sourceTree = "<group>"; };
		105AA18B2A1D0A7200E52448 /* ImageEndpoint.swift */ = {isa = PBXFileReference; lastKnownFileType = sourcecode.swift; path = ImageEndpoint.swift; sourceTree = "<group>"; };
		108523682A30FE8000FC4FD4 /* TypeMovieCollectionViewCell.swift */ = {isa = PBXFileReference; lastKnownFileType = sourcecode.swift; path = TypeMovieCollectionViewCell.swift; sourceTree = "<group>"; };
		1085236A2A30FFA100FC4FD4 /* TypeMovieDelegate.swift */ = {isa = PBXFileReference; lastKnownFileType = sourcecode.swift; path = TypeMovieDelegate.swift; sourceTree = "<group>"; };
		1085236C2A3102D100FC4FD4 /* TypeMovieDataSource.swift */ = {isa = PBXFileReference; lastKnownFileType = sourcecode.swift; path = TypeMovieDataSource.swift; sourceTree = "<group>"; };
		10AF15902A2696750082D478 /* ImageLoader.swift */ = {isa = PBXFileReference; lastKnownFileType = sourcecode.swift; path = ImageLoader.swift; sourceTree = "<group>"; };
		64F376B7E260D80BD996661C /* Pods-TMDB.release.xcconfig */ = {isa = PBXFileReference; includeInIndex = 1; lastKnownFileType = text.xcconfig; name = "Pods-TMDB.release.xcconfig"; path = "Target Support Files/Pods-TMDB/Pods-TMDB.release.xcconfig"; sourceTree = "<group>"; };
		B440D38331C1C8C058258C56 /* Pods_TMDB.framework */ = {isa = PBXFileReference; explicitFileType = wrapper.framework; includeInIndex = 0; path = Pods_TMDB.framework; sourceTree = BUILT_PRODUCTS_DIR; };
		DB030982DCB8D7DFC5461238 /* Pods-TMDB.debug.xcconfig */ = {isa = PBXFileReference; includeInIndex = 1; lastKnownFileType = text.xcconfig; name = "Pods-TMDB.debug.xcconfig"; path = "Target Support Files/Pods-TMDB/Pods-TMDB.debug.xcconfig"; sourceTree = "<group>"; };
/* End PBXFileReference section */

/* Begin PBXFrameworksBuildPhase section */
		105AA1302A1BFC4D00E52448 /* Frameworks */ = {
			isa = PBXFrameworksBuildPhase;
			buildActionMask = 2147483647;
			files = (
				EC73B78C9E4D6FD9254EE6C7 /* Pods_TMDB.framework in Frameworks */,
			);
			runOnlyForDeploymentPostprocessing = 0;
		};
/* End PBXFrameworksBuildPhase section */

/* Begin PBXGroup section */
		102B16F92A26EF2D00ECBC6A /* Resources */ = {
			isa = PBXGroup;
			children = (
				102B175D2A2AC06100ECBC6A /* Colors.generated.swift */,
				102B16FC2A26EFEC00ECBC6A /* Strings.generated.swift */,
				102B16FA2A26EF3A00ECBC6A /* Localizable.strings */,
				102B175B2A2ABEA800ECBC6A /* Colors.txt */,
			);
			path = Resources;
			sourceTree = "<group>";
		};
		102B17082A26FF9E00ECBC6A /* Search */ = {
			isa = PBXGroup;
			children = (
				102B17092A26FFE300ECBC6A /* SearchMovieFactory.swift */,
				102B170B2A27006F00ECBC6A /* SearchMovieInteractor.swift */,
				102B170D2A27008100ECBC6A /* SearchMoviePresenter.swift */,
				102B170F2A27008F00ECBC6A /* SearchMovieService.swift */,
				102B17112A27009A00ECBC6A /* SearchMovieView.swift */,
				102B17132A2700BD00ECBC6A /* SearchMovieViewController.swift */,
				104F47F22A2EC55800DFF113 /* SearchMovieRouter.swift */,
			);
			path = Search;
			sourceTree = "<group>";
		};
		102B17182A277BB800ECBC6A /* Extensions */ = {
			isa = PBXGroup;
			children = (
				102B17192A277BD400ECBC6A /* Date+Extension.swift */,
			);
			path = Extensions;
			sourceTree = "<group>";
		};
		104F47D92A2E6B3C00DFF113 /* Home */ = {
			isa = PBXGroup;
			children = (
				104F480B2A2EE1BA00DFF113 /* Cells */,
				104F47DA2A2E6B4B00DFF113 /* HomeFactory.swift */,
				104F47DE2A2E6B9400DFF113 /* HomeInteractor.swift */,
				104F47E22A2E6BD100DFF113 /* HomePresenter.swift */,
				104F47E42A2E6BF400DFF113 /* HomeRouter.swift */,
				104F47E02A2E6BB100DFF113 /* HomeService.swift */,
				104F47E62A2E6C8900DFF113 /* HomeView.swift */,
				104F47DC2A2E6B7000DFF113 /* HomeViewController.swift */,
			);
			path = Home;
			sourceTree = "<group>";
		};
		104F47F42A2ED15500DFF113 /* WatchList */ = {
			isa = PBXGroup;
			children = (
				104F47F52A2ED16800DFF113 /* WatchListFactory.swift */,
				104F47F72A2ED20200DFF113 /* WatchListPresenter.swift */,
				104F47F92A2ED21200DFF113 /* WatchListInteractor.swift */,
				104F47FB2A2ED22000DFF113 /* WatchListService.swift */,
				104F47FD2A2ED22900DFF113 /* WatchListRouter.swift */,
				104F47FF2A2ED23500DFF113 /* WatchListViewController.swift */,
				104F48012A2ED24600DFF113 /* WatchListView.swift */,
			);
			path = WatchList;
			sourceTree = "<group>";
		};
		104F480B2A2EE1BA00DFF113 /* Cells */ = {
			isa = PBXGroup;
			children = (
				108523672A30FE5C00FC4FD4 /* TypeMovieCell */,
				104F481B2A302AA700DFF113 /* TypeList */,
				104F480E2A2F872500DFF113 /* TopFive */,
			);
			path = Cells;
			sourceTree = "<group>";
		};
		104F480E2A2F872500DFF113 /* TopFive */ = {
			isa = PBXGroup;
			children = (
				104F480C2A2EE1E900DFF113 /* TopFiveCategoryMovieCollectionViewCell.swift */,
				104F48072A2EE03F00DFF113 /* TopFiveCategoryMoviesDataSource.swift */,
				104F480F2A2F874500DFF113 /* TopFiveCategoryMovieDelegate.swift */,
			);
			path = TopFive;
			sourceTree = "<group>";
		};
		104F481B2A302AA700DFF113 /* TypeList */ = {
			isa = PBXGroup;
			children = (
				104F48192A3028BF00DFF113 /* TypeListCollectionViewCell.swift */,
				104F481C2A302AB900DFF113 /* TypeListDelegate.swift */,
				104F481E2A302AC500DFF113 /* TypeListDataSource.swift */,
			);
			path = TypeList;
			sourceTree = "<group>";
		};
		105AA12A2A1BFC4D00E52448 = {
			isa = PBXGroup;
			children = (
				105AA1352A1BFC4D00E52448 /* TMDB */,
				105AA1342A1BFC4D00E52448 /* Products */,
				408745B1B2C257B584E7E661 /* Pods */,
				5D0CA7B0F2CAD9888F3A0F01 /* Frameworks */,
			);
			sourceTree = "<group>";
		};
		105AA1342A1BFC4D00E52448 /* Products */ = {
			isa = PBXGroup;
			children = (
				105AA1332A1BFC4D00E52448 /* TMDB.app */,
			);
			name = Products;
			sourceTree = "<group>";
		};
		105AA1352A1BFC4D00E52448 /* TMDB */ = {
			isa = PBXGroup;
			children = (
				105AA1362A1BFC4D00E52448 /* AppDelegate.swift */,
				105AA13F2A1BFC4F00E52448 /* Assets.xcassets */,
				105AA1442A1BFC4F00E52448 /* Info.plist */,
				105AA1412A1BFC4F00E52448 /* LaunchScreen.storyboard */,
				105AA18D2A1D0A9700E52448 /* Misc */,
				105AA17F2A1C490700E52448 /* Models */,
				105AA1822A1C4A5200E52448 /* Networking */,
				105AA15D2A1BFE9A00E52448 /* Protocols */,
				105AA1382A1BFC4D00E52448 /* SceneDelegate.swift */,
				105AA15E2A1BFEB200E52448 /* Scenes */,
				102B172B2A27DDD400ECBC6A /* TMDB.swift */,
			);
			path = TMDB;
			sourceTree = "<group>";
		};
		105AA15D2A1BFE9A00E52448 /* Protocols */ = {
			isa = PBXGroup;
			children = (
				105AA15F2A1BFEED00E52448 /* ViewCodeProtocol.swift */,
				104F48092A2EE12C00DFF113 /* HomeTopRatedMoviesDelegate.swift */,
				104F48202A302C7100DFF113 /* HomeMovieListDelegate.swift */,
			);
			path = Protocols;
			sourceTree = "<group>";
		};
		105AA15E2A1BFEB200E52448 /* Scenes */ = {
			isa = PBXGroup;
			children = (
				105AA1642A1C06D900E52448 /* BaseViewController.swift */,
				104F47D92A2E6B3C00DFF113 /* Home */,
				102B17082A26FF9E00ECBC6A /* Search */,
				104F47F42A2ED15500DFF113 /* WatchList */,
			);
			path = Scenes;
			sourceTree = "<group>";
		};
		105AA17F2A1C490700E52448 /* Models */ = {
			isa = PBXGroup;
			children = (
				105AA1802A1C491900E52448 /* Movie.swift */,
				102B17522A29216D00ECBC6A /* Genre.swift */,
				102B17542A29219600ECBC6A /* MovieResponse.swift */,
				102B17562A2921A500ECBC6A /* VideosResponse.swift */,
			);
			path = Models;
			sourceTree = "<group>";
		};
		105AA1822A1C4A5200E52448 /* Networking */ = {
			isa = PBXGroup;
			children = (
				105AA1852A1C4BB000E52448 /* Endpoints */,
				105AA1832A1C4A6800E52448 /* URLSession+Extension.swift */,
			);
			path = Networking;
			sourceTree = "<group>";
		};
		105AA1852A1C4BB000E52448 /* Endpoints */ = {
			isa = PBXGroup;
			children = (
				105AA1862A1C4BEE00E52448 /* Endpoint.swift */,
				105AA18B2A1D0A7200E52448 /* ImageEndpoint.swift */,
			);
			path = Endpoints;
			sourceTree = "<group>";
		};
		105AA18D2A1D0A9700E52448 /* Misc */ = {
			isa = PBXGroup;
			children = (
				102B17182A277BB800ECBC6A /* Extensions */,
				102B16F92A26EF2D00ECBC6A /* Resources */,
				10AF158F2A2696610082D478 /* CustomUI */,
			);
			path = Misc;
			sourceTree = "<group>";
		};
		108523672A30FE5C00FC4FD4 /* TypeMovieCell */ = {
			isa = PBXGroup;
			children = (
				108523682A30FE8000FC4FD4 /* TypeMovieCollectionViewCell.swift */,
				1085236A2A30FFA100FC4FD4 /* TypeMovieDelegate.swift */,
				1085236C2A3102D100FC4FD4 /* TypeMovieDataSource.swift */,
			);
			path = TypeMovieCell;
			sourceTree = "<group>";
		};
		10AF158F2A2696610082D478 /* CustomUI */ = {
			isa = PBXGroup;
			children = (
				10AF15902A2696750082D478 /* ImageLoader.swift */,
				104F47EB2A2EA6BD00DFF113 /* CustomTextfield.swift */,
			);
			path = CustomUI;
			sourceTree = "<group>";
		};
		408745B1B2C257B584E7E661 /* Pods */ = {
			isa = PBXGroup;
			children = (
				DB030982DCB8D7DFC5461238 /* Pods-TMDB.debug.xcconfig */,
				64F376B7E260D80BD996661C /* Pods-TMDB.release.xcconfig */,
			);
			path = Pods;
			sourceTree = "<group>";
		};
		5D0CA7B0F2CAD9888F3A0F01 /* Frameworks */ = {
			isa = PBXGroup;
			children = (
				B440D38331C1C8C058258C56 /* Pods_TMDB.framework */,
			);
			name = Frameworks;
			sourceTree = "<group>";
		};
/* End PBXGroup section */

/* Begin PBXNativeTarget section */
		105AA1322A1BFC4D00E52448 /* TMDB */ = {
			isa = PBXNativeTarget;
			buildConfigurationList = 105AA1472A1BFC4F00E52448 /* Build configuration list for PBXNativeTarget "TMDB" */;
			buildPhases = (
				A2D07680ACE3DBA65866989F /* [CP] Check Pods Manifest.lock */,
				105AA12F2A1BFC4D00E52448 /* Sources */,
				105AA1302A1BFC4D00E52448 /* Frameworks */,
				105AA1312A1BFC4D00E52448 /* Resources */,
				C8EA19B9BD77F4A637AE55E4 /* [CP] Embed Pods Frameworks */,
				102B17072A26F93B00ECBC6A /* Swiftgen */,
			);
			buildRules = (
			);
			dependencies = (
			);
			name = TMDB;
			packageProductDependencies = (
			);
			productName = TMDB;
			productReference = 105AA1332A1BFC4D00E52448 /* TMDB.app */;
			productType = "com.apple.product-type.application";
		};
/* End PBXNativeTarget section */

/* Begin PBXProject section */
		105AA12B2A1BFC4D00E52448 /* Project object */ = {
			isa = PBXProject;
			attributes = {
				BuildIndependentTargetsInParallel = 1;
				LastSwiftUpdateCheck = 1420;
				LastUpgradeCheck = 1420;
				TargetAttributes = {
					105AA1322A1BFC4D00E52448 = {
						CreatedOnToolsVersion = 14.2;
					};
				};
			};
			buildConfigurationList = 105AA12E2A1BFC4D00E52448 /* Build configuration list for PBXProject "TMDB" */;
			compatibilityVersion = "Xcode 13.0";
			developmentRegion = en;
			hasScannedForEncodings = 0;
			knownRegions = (
				en,
				Base,
			);
			mainGroup = 105AA12A2A1BFC4D00E52448;
			packageReferences = (
			);
			productRefGroup = 105AA1342A1BFC4D00E52448 /* Products */;
			projectDirPath = "";
			projectRoot = "";
			targets = (
				105AA1322A1BFC4D00E52448 /* TMDB */,
			);
		};
/* End PBXProject section */

/* Begin PBXResourcesBuildPhase section */
		105AA1312A1BFC4D00E52448 /* Resources */ = {
			isa = PBXResourcesBuildPhase;
			buildActionMask = 2147483647;
			files = (
				105AA1432A1BFC4F00E52448 /* LaunchScreen.storyboard in Resources */,
				102B16FB2A26EF3A00ECBC6A /* Localizable.strings in Resources */,
				102B175C2A2ABEA800ECBC6A /* Colors.txt in Resources */,
				105AA1402A1BFC4F00E52448 /* Assets.xcassets in Resources */,
			);
			runOnlyForDeploymentPostprocessing = 0;
		};
/* End PBXResourcesBuildPhase section */

/* Begin PBXShellScriptBuildPhase section */
		102B17072A26F93B00ECBC6A /* Swiftgen */ = {
			isa = PBXShellScriptBuildPhase;
			alwaysOutOfDate = 1;
			buildActionMask = 2147483647;
			files = (
			);
			inputFileListPaths = (
			);
			inputPaths = (
			);
			name = Swiftgen;
			outputFileListPaths = (
			);
			outputPaths = (
			);
			runOnlyForDeploymentPostprocessing = 0;
			shellPath = /bin/sh;
			shellScript = "[ -f ./swiftgen.yml ] && swiftgen || echo \"No swiftgen.yml found\"\n";
		};
		A2D07680ACE3DBA65866989F /* [CP] Check Pods Manifest.lock */ = {
			isa = PBXShellScriptBuildPhase;
			buildActionMask = 2147483647;
			files = (
			);
			inputFileListPaths = (
			);
			inputPaths = (
				"${PODS_PODFILE_DIR_PATH}/Podfile.lock",
				"${PODS_ROOT}/Manifest.lock",
			);
			name = "[CP] Check Pods Manifest.lock";
			outputFileListPaths = (
			);
			outputPaths = (
				"$(DERIVED_FILE_DIR)/Pods-TMDB-checkManifestLockResult.txt",
			);
			runOnlyForDeploymentPostprocessing = 0;
			shellPath = /bin/sh;
			shellScript = "diff \"${PODS_PODFILE_DIR_PATH}/Podfile.lock\" \"${PODS_ROOT}/Manifest.lock\" > /dev/null\nif [ $? != 0 ] ; then\n    # print error to STDERR\n    echo \"error: The sandbox is not in sync with the Podfile.lock. Run 'pod install' or update your CocoaPods installation.\" >&2\n    exit 1\nfi\n# This output is used by Xcode 'outputs' to avoid re-running this script phase.\necho \"SUCCESS\" > \"${SCRIPT_OUTPUT_FILE_0}\"\n";
			showEnvVarsInLog = 0;
		};
		C8EA19B9BD77F4A637AE55E4 /* [CP] Embed Pods Frameworks */ = {
			isa = PBXShellScriptBuildPhase;
			buildActionMask = 2147483647;
			files = (
			);
			inputFileListPaths = (
				"${PODS_ROOT}/Target Support Files/Pods-TMDB/Pods-TMDB-frameworks-${CONFIGURATION}-input-files.xcfilelist",
			);
			name = "[CP] Embed Pods Frameworks";
			outputFileListPaths = (
				"${PODS_ROOT}/Target Support Files/Pods-TMDB/Pods-TMDB-frameworks-${CONFIGURATION}-output-files.xcfilelist",
			);
			runOnlyForDeploymentPostprocessing = 0;
			shellPath = /bin/sh;
			shellScript = "\"${PODS_ROOT}/Target Support Files/Pods-TMDB/Pods-TMDB-frameworks.sh\"\n";
			showEnvVarsInLog = 0;
		};
/* End PBXShellScriptBuildPhase section */

/* Begin PBXSourcesBuildPhase section */
		105AA12F2A1BFC4D00E52448 /* Sources */ = {
			isa = PBXSourcesBuildPhase;
			buildActionMask = 2147483647;
			files = (
				102B175E2A2AC06100ECBC6A /* Colors.generated.swift in Sources */,
				104F47DB2A2E6B4B00DFF113 /* HomeFactory.swift in Sources */,
				104F481F2A302AC500DFF113 /* TypeListDataSource.swift in Sources */,
				105AA1372A1BFC4D00E52448 /* AppDelegate.swift in Sources */,
				102B170A2A26FFE300ECBC6A /* SearchMovieFactory.swift in Sources */,
				104F47F82A2ED20200DFF113 /* WatchListPresenter.swift in Sources */,
				104F481D2A302AB900DFF113 /* TypeListDelegate.swift in Sources */,
				108523692A30FE8000FC4FD4 /* TypeMovieCollectionViewCell.swift in Sources */,
				102B172C2A27DDD400ECBC6A /* TMDB.swift in Sources */,
				102B170E2A27008100ECBC6A /* SearchMoviePresenter.swift in Sources */,
				102B17532A29216D00ECBC6A /* Genre.swift in Sources */,
				105AA1392A1BFC4D00E52448 /* SceneDelegate.swift in Sources */,
				105AA1602A1BFEED00E52448 /* ViewCodeProtocol.swift in Sources */,
				104F48102A2F874500DFF113 /* TopFiveCategoryMovieDelegate.swift in Sources */,
				104F48082A2EE03F00DFF113 /* TopFiveCategoryMoviesDataSource.swift in Sources */,
				1085236B2A30FFA100FC4FD4 /* TypeMovieDelegate.swift in Sources */,
				104F48022A2ED24600DFF113 /* WatchListView.swift in Sources */,
				104F48212A302C7100DFF113 /* HomeMovieListDelegate.swift in Sources */,
				105AA1652A1C06D900E52448 /* BaseViewController.swift in Sources */,
				102B171A2A277BD400ECBC6A /* Date+Extension.swift in Sources */,
				104F47FE2A2ED22900DFF113 /* WatchListRouter.swift in Sources */,
				104F47F62A2ED16800DFF113 /* WatchListFactory.swift in Sources */,
				104F47E52A2E6BF400DFF113 /* HomeRouter.swift in Sources */,
				104F481A2A3028BF00DFF113 /* TypeListCollectionViewCell.swift in Sources */,
				104F47DD2A2E6B7000DFF113 /* HomeViewController.swift in Sources */,
				102B17122A27009A00ECBC6A /* SearchMovieView.swift in Sources */,
				104F47EC2A2EA6BD00DFF113 /* CustomTextfield.swift in Sources */,
				104F47DF2A2E6B9400DFF113 /* HomeInteractor.swift in Sources */,
				104F47E12A2E6BB100DFF113 /* HomeService.swift in Sources */,
				104F480D2A2EE1E900DFF113 /* TopFiveCategoryMovieCollectionViewCell.swift in Sources */,
				104F47E32A2E6BD100DFF113 /* HomePresenter.swift in Sources */,
				102B17572A2921A500ECBC6A /* VideosResponse.swift in Sources */,
				104F47E72A2E6C8900DFF113 /* HomeView.swift in Sources */,
				105AA1872A1C4BEE00E52448 /* Endpoint.swift in Sources */,
				104F480A2A2EE12C00DFF113 /* HomeTopRatedMoviesDelegate.swift in Sources */,
				105AA1842A1C4A6800E52448 /* URLSession+Extension.swift in Sources */,
				102B17552A29219600ECBC6A /* MovieResponse.swift in Sources */,
				104F47F32A2EC55800DFF113 /* SearchMovieRouter.swift in Sources */,
				104F47FA2A2ED21200DFF113 /* WatchListInteractor.swift in Sources */,
				102B17142A2700BD00ECBC6A /* SearchMovieViewController.swift in Sources */,
				10AF15912A2696750082D478 /* ImageLoader.swift in Sources */,
				105AA18C2A1D0A7300E52448 /* ImageEndpoint.swift in Sources */,
				104F48002A2ED23500DFF113 /* WatchListViewController.swift in Sources */,
				102B17102A27008F00ECBC6A /* SearchMovieService.swift in Sources */,
				105AA1812A1C491900E52448 /* Movie.swift in Sources */,
				104F47FC2A2ED22000DFF113 /* WatchListService.swift in Sources */,
				102B170C2A27006F00ECBC6A /* SearchMovieInteractor.swift in Sources */,
				102B16FD2A26EFED00ECBC6A /* Strings.generated.swift in Sources */,
				1085236D2A3102D100FC4FD4 /* TypeMovieDataSource.swift in Sources */,
			);
			runOnlyForDeploymentPostprocessing = 0;
		};
/* End PBXSourcesBuildPhase section */

/* Begin PBXVariantGroup section */
		105AA1412A1BFC4F00E52448 /* LaunchScreen.storyboard */ = {
			isa = PBXVariantGroup;
			children = (
				105AA1422A1BFC4F00E52448 /* Base */,
			);
			name = LaunchScreen.storyboard;
			sourceTree = "<group>";
		};
/* End PBXVariantGroup section */

/* Begin XCBuildConfiguration section */
		105AA1452A1BFC4F00E52448 /* Debug */ = {
			isa = XCBuildConfiguration;
			buildSettings = {
				ALWAYS_SEARCH_USER_PATHS = NO;
				CLANG_ANALYZER_NONNULL = YES;
				CLANG_ANALYZER_NUMBER_OBJECT_CONVERSION = YES_AGGRESSIVE;
				CLANG_CXX_LANGUAGE_STANDARD = "gnu++20";
				CLANG_ENABLE_MODULES = YES;
				CLANG_ENABLE_OBJC_ARC = YES;
				CLANG_ENABLE_OBJC_WEAK = YES;
				CLANG_WARN_BLOCK_CAPTURE_AUTORELEASING = YES;
				CLANG_WARN_BOOL_CONVERSION = YES;
				CLANG_WARN_COMMA = YES;
				CLANG_WARN_CONSTANT_CONVERSION = YES;
				CLANG_WARN_DEPRECATED_OBJC_IMPLEMENTATIONS = YES;
				CLANG_WARN_DIRECT_OBJC_ISA_USAGE = YES_ERROR;
				CLANG_WARN_DOCUMENTATION_COMMENTS = YES;
				CLANG_WARN_EMPTY_BODY = YES;
				CLANG_WARN_ENUM_CONVERSION = YES;
				CLANG_WARN_INFINITE_RECURSION = YES;
				CLANG_WARN_INT_CONVERSION = YES;
				CLANG_WARN_NON_LITERAL_NULL_CONVERSION = YES;
				CLANG_WARN_OBJC_IMPLICIT_RETAIN_SELF = YES;
				CLANG_WARN_OBJC_LITERAL_CONVERSION = YES;
				CLANG_WARN_OBJC_ROOT_CLASS = YES_ERROR;
				CLANG_WARN_QUOTED_INCLUDE_IN_FRAMEWORK_HEADER = YES;
				CLANG_WARN_RANGE_LOOP_ANALYSIS = YES;
				CLANG_WARN_STRICT_PROTOTYPES = YES;
				CLANG_WARN_SUSPICIOUS_MOVE = YES;
				CLANG_WARN_UNGUARDED_AVAILABILITY = YES_AGGRESSIVE;
				CLANG_WARN_UNREACHABLE_CODE = YES;
				CLANG_WARN__DUPLICATE_METHOD_MATCH = YES;
				COPY_PHASE_STRIP = NO;
				DEBUG_INFORMATION_FORMAT = dwarf;
				ENABLE_STRICT_OBJC_MSGSEND = YES;
				ENABLE_TESTABILITY = YES;
				GCC_C_LANGUAGE_STANDARD = gnu11;
				GCC_DYNAMIC_NO_PIC = NO;
				GCC_NO_COMMON_BLOCKS = YES;
				GCC_OPTIMIZATION_LEVEL = 0;
				GCC_PREPROCESSOR_DEFINITIONS = (
					"DEBUG=1",
					"$(inherited)",
				);
				GCC_WARN_64_TO_32_BIT_CONVERSION = YES;
				GCC_WARN_ABOUT_RETURN_TYPE = YES_ERROR;
				GCC_WARN_UNDECLARED_SELECTOR = YES;
				GCC_WARN_UNINITIALIZED_AUTOS = YES_AGGRESSIVE;
				GCC_WARN_UNUSED_FUNCTION = YES;
				GCC_WARN_UNUSED_VARIABLE = YES;
				IPHONEOS_DEPLOYMENT_TARGET = 12.0;
				MTL_ENABLE_DEBUG_INFO = INCLUDE_SOURCE;
				MTL_FAST_MATH = YES;
				ONLY_ACTIVE_ARCH = YES;
				SDKROOT = iphoneos;
				SWIFT_ACTIVE_COMPILATION_CONDITIONS = DEBUG;
				SWIFT_OPTIMIZATION_LEVEL = "-Onone";
			};
			name = Debug;
		};
		105AA1462A1BFC4F00E52448 /* Release */ = {
			isa = XCBuildConfiguration;
			buildSettings = {
				ALWAYS_SEARCH_USER_PATHS = NO;
				CLANG_ANALYZER_NONNULL = YES;
				CLANG_ANALYZER_NUMBER_OBJECT_CONVERSION = YES_AGGRESSIVE;
				CLANG_CXX_LANGUAGE_STANDARD = "gnu++20";
				CLANG_ENABLE_MODULES = YES;
				CLANG_ENABLE_OBJC_ARC = YES;
				CLANG_ENABLE_OBJC_WEAK = YES;
				CLANG_WARN_BLOCK_CAPTURE_AUTORELEASING = YES;
				CLANG_WARN_BOOL_CONVERSION = YES;
				CLANG_WARN_COMMA = YES;
				CLANG_WARN_CONSTANT_CONVERSION = YES;
				CLANG_WARN_DEPRECATED_OBJC_IMPLEMENTATIONS = YES;
				CLANG_WARN_DIRECT_OBJC_ISA_USAGE = YES_ERROR;
				CLANG_WARN_DOCUMENTATION_COMMENTS = YES;
				CLANG_WARN_EMPTY_BODY = YES;
				CLANG_WARN_ENUM_CONVERSION = YES;
				CLANG_WARN_INFINITE_RECURSION = YES;
				CLANG_WARN_INT_CONVERSION = YES;
				CLANG_WARN_NON_LITERAL_NULL_CONVERSION = YES;
				CLANG_WARN_OBJC_IMPLICIT_RETAIN_SELF = YES;
				CLANG_WARN_OBJC_LITERAL_CONVERSION = YES;
				CLANG_WARN_OBJC_ROOT_CLASS = YES_ERROR;
				CLANG_WARN_QUOTED_INCLUDE_IN_FRAMEWORK_HEADER = YES;
				CLANG_WARN_RANGE_LOOP_ANALYSIS = YES;
				CLANG_WARN_STRICT_PROTOTYPES = YES;
				CLANG_WARN_SUSPICIOUS_MOVE = YES;
				CLANG_WARN_UNGUARDED_AVAILABILITY = YES_AGGRESSIVE;
				CLANG_WARN_UNREACHABLE_CODE = YES;
				CLANG_WARN__DUPLICATE_METHOD_MATCH = YES;
				COPY_PHASE_STRIP = NO;
				DEBUG_INFORMATION_FORMAT = "dwarf-with-dsym";
				ENABLE_NS_ASSERTIONS = NO;
				ENABLE_STRICT_OBJC_MSGSEND = YES;
				GCC_C_LANGUAGE_STANDARD = gnu11;
				GCC_NO_COMMON_BLOCKS = YES;
				GCC_WARN_64_TO_32_BIT_CONVERSION = YES;
				GCC_WARN_ABOUT_RETURN_TYPE = YES_ERROR;
				GCC_WARN_UNDECLARED_SELECTOR = YES;
				GCC_WARN_UNINITIALIZED_AUTOS = YES_AGGRESSIVE;
				GCC_WARN_UNUSED_FUNCTION = YES;
				GCC_WARN_UNUSED_VARIABLE = YES;
				IPHONEOS_DEPLOYMENT_TARGET = 12.0;
				MTL_ENABLE_DEBUG_INFO = NO;
				MTL_FAST_MATH = YES;
				SDKROOT = iphoneos;
				SWIFT_COMPILATION_MODE = wholemodule;
				SWIFT_OPTIMIZATION_LEVEL = "-O";
				VALIDATE_PRODUCT = YES;
			};
			name = Release;
		};
		105AA1482A1BFC4F00E52448 /* Debug */ = {
			isa = XCBuildConfiguration;
			baseConfigurationReference = DB030982DCB8D7DFC5461238 /* Pods-TMDB.debug.xcconfig */;
			buildSettings = {
				ASSETCATALOG_COMPILER_APPICON_NAME = AppIcon;
				ASSETCATALOG_COMPILER_GLOBAL_ACCENT_COLOR_NAME = AccentColor;
				CODE_SIGN_STYLE = Automatic;
				CURRENT_PROJECT_VERSION = 1;
				DEVELOPMENT_TEAM = 5W89LBPGTZ;
				GENERATE_INFOPLIST_FILE = YES;
				INFOPLIST_FILE = TMDB/Info.plist;
				INFOPLIST_KEY_LSApplicationCategoryType = "public.app-category.entertainment";
				INFOPLIST_KEY_UIApplicationSupportsIndirectInputEvents = YES;
				INFOPLIST_KEY_UILaunchStoryboardName = LaunchScreen;
				INFOPLIST_KEY_UIMainStoryboardFile = "";
				INFOPLIST_KEY_UISupportedInterfaceOrientations_iPad = "UIInterfaceOrientationPortrait UIInterfaceOrientationPortraitUpsideDown UIInterfaceOrientationLandscapeLeft UIInterfaceOrientationLandscapeRight";
				INFOPLIST_KEY_UISupportedInterfaceOrientations_iPhone = "UIInterfaceOrientationPortrait UIInterfaceOrientationLandscapeLeft UIInterfaceOrientationLandscapeRight";
				IPHONEOS_DEPLOYMENT_TARGET = 12.4;
				LD_RUNPATH_SEARCH_PATHS = (
					"$(inherited)",
					"@executable_path/Frameworks",
				);
				MARKETING_VERSION = 1.0;
				PRODUCT_BUNDLE_IDENTIFIER = br.com.lucask84ever.TMDB;
				PRODUCT_NAME = "$(TARGET_NAME)";
				SUPPORTED_PLATFORMS = "iphoneos iphonesimulator";
				SUPPORTS_MACCATALYST = NO;
				SUPPORTS_MAC_DESIGNED_FOR_IPHONE_IPAD = NO;
				SWIFT_EMIT_LOC_STRINGS = YES;
				SWIFT_VERSION = 5.0;
				TARGETED_DEVICE_FAMILY = 1;
			};
			name = Debug;
		};
		105AA1492A1BFC4F00E52448 /* Release */ = {
			isa = XCBuildConfiguration;
			baseConfigurationReference = 64F376B7E260D80BD996661C /* Pods-TMDB.release.xcconfig */;
			buildSettings = {
				ASSETCATALOG_COMPILER_APPICON_NAME = AppIcon;
				ASSETCATALOG_COMPILER_GLOBAL_ACCENT_COLOR_NAME = AccentColor;
				CODE_SIGN_STYLE = Automatic;
				CURRENT_PROJECT_VERSION = 1;
				DEVELOPMENT_TEAM = 5W89LBPGTZ;
				GENERATE_INFOPLIST_FILE = YES;
				INFOPLIST_FILE = TMDB/Info.plist;
				INFOPLIST_KEY_LSApplicationCategoryType = "public.app-category.entertainment";
				INFOPLIST_KEY_UIApplicationSupportsIndirectInputEvents = YES;
				INFOPLIST_KEY_UILaunchStoryboardName = LaunchScreen;
				INFOPLIST_KEY_UIMainStoryboardFile = "";
				INFOPLIST_KEY_UISupportedInterfaceOrientations_iPad = "UIInterfaceOrientationPortrait UIInterfaceOrientationPortraitUpsideDown UIInterfaceOrientationLandscapeLeft UIInterfaceOrientationLandscapeRight";
				INFOPLIST_KEY_UISupportedInterfaceOrientations_iPhone = "UIInterfaceOrientationPortrait UIInterfaceOrientationLandscapeLeft UIInterfaceOrientationLandscapeRight";
				IPHONEOS_DEPLOYMENT_TARGET = 12.4;
				LD_RUNPATH_SEARCH_PATHS = (
					"$(inherited)",
					"@executable_path/Frameworks",
				);
				MARKETING_VERSION = 1.0;
				PRODUCT_BUNDLE_IDENTIFIER = br.com.lucask84ever.TMDB;
				PRODUCT_NAME = "$(TARGET_NAME)";
				SUPPORTED_PLATFORMS = "iphoneos iphonesimulator";
				SUPPORTS_MACCATALYST = NO;
				SUPPORTS_MAC_DESIGNED_FOR_IPHONE_IPAD = NO;
				SWIFT_EMIT_LOC_STRINGS = YES;
				SWIFT_VERSION = 5.0;
				TARGETED_DEVICE_FAMILY = 1;
			};
			name = Release;
		};
/* End XCBuildConfiguration section */

/* Begin XCConfigurationList section */
		105AA12E2A1BFC4D00E52448 /* Build configuration list for PBXProject "TMDB" */ = {
			isa = XCConfigurationList;
			buildConfigurations = (
				105AA1452A1BFC4F00E52448 /* Debug */,
				105AA1462A1BFC4F00E52448 /* Release */,
			);
			defaultConfigurationIsVisible = 0;
			defaultConfigurationName = Release;
		};
		105AA1472A1BFC4F00E52448 /* Build configuration list for PBXNativeTarget "TMDB" */ = {
			isa = XCConfigurationList;
			buildConfigurations = (
				105AA1482A1BFC4F00E52448 /* Debug */,
				105AA1492A1BFC4F00E52448 /* Release */,
			);
			defaultConfigurationIsVisible = 0;
			defaultConfigurationName = Release;
		};
/* End XCConfigurationList section */
	};
	rootObject = 105AA12B2A1BFC4D00E52448 /* Project object */;
}
